// !$*UTF8*$!
{
	archiveVersion = 1;
	classes = {
	};
	objectVersion = 55;
	objects = {

/* Begin PBXBuildFile section */
		B666DF6828ED157D001F6741 /* AppDelegate.swift in Sources */ = {isa = PBXBuildFile; fileRef = B666DF6728ED157D001F6741 /* AppDelegate.swift */; };
		B666DF6A28ED157D001F6741 /* SceneDelegate.swift in Sources */ = {isa = PBXBuildFile; fileRef = B666DF6928ED157D001F6741 /* SceneDelegate.swift */; };
		B666DF6C28ED157D001F6741 /* ViewController.swift in Sources */ = {isa = PBXBuildFile; fileRef = B666DF6B28ED157D001F6741 /* ViewController.swift */; };
		B666DF6F28ED157D001F6741 /* Main.storyboard in Resources */ = {isa = PBXBuildFile; fileRef = B666DF6D28ED157D001F6741 /* Main.storyboard */; };
		B666DF7128ED157E001F6741 /* Assets.xcassets in Resources */ = {isa = PBXBuildFile; fileRef = B666DF7028ED157E001F6741 /* Assets.xcassets */; };
		B666DF7428ED157E001F6741 /* LaunchScreen.storyboard in Resources */ = {isa = PBXBuildFile; fileRef = B666DF7228ED157E001F6741 /* LaunchScreen.storyboard */; };
		B6AAC7A928F4EDA100B3C3DC /* FirebaseAnalyticsWithoutAdIdSupport in Frameworks */ = {isa = PBXBuildFile; productRef = B6AAC7A828F4EDA100B3C3DC /* FirebaseAnalyticsWithoutAdIdSupport */; };
		B6AAC7AB28F4EDA100B3C3DC /* FirebaseCrashlytics in Frameworks */ = {isa = PBXBuildFile; productRef = B6AAC7AA28F4EDA100B3C3DC /* FirebaseCrashlytics */; };
		B6AAC7AD28F4EDA100B3C3DC /* FirebaseMessaging in Frameworks */ = {isa = PBXBuildFile; productRef = B6AAC7AC28F4EDA100B3C3DC /* FirebaseMessaging */; };
		B6AAC7B028F4F6B500B3C3DC /* GoogleService-Info.plist in Resources */ = {isa = PBXBuildFile; fileRef = B6AAC7AF28F4F6B400B3C3DC /* GoogleService-Info.plist */; };
		B6C93E1F28F7941600F2F96F /* Realm in Frameworks */ = {isa = PBXBuildFile; productRef = B6C93E1E28F7941600F2F96F /* Realm */; };
		B6C93E2128F7941600F2F96F /* RealmSwift in Frameworks */ = {isa = PBXBuildFile; productRef = B6C93E2028F7941600F2F96F /* RealmSwift */; };
		B6C93E2328F799FE00F2F96F /* Todo.swift in Sources */ = {isa = PBXBuildFile; fileRef = B6C93E2228F799FE00F2F96F /* Todo.swift */; };
		B6C93E2528F79BB300F2F96F /* MigrationViewController.swift in Sources */ = {isa = PBXBuildFile; fileRef = B6C93E2428F79BB300F2F96F /* MigrationViewController.swift */; };
/* End PBXBuildFile section */

/* Begin PBXFileReference section */
		B666DF6428ED157D001F6741 /* SeSACFirebaseExample.app */ = {isa = PBXFileReference; explicitFileType = wrapper.application; includeInIndex = 0; path = SeSACFirebaseExample.app; sourceTree = BUILT_PRODUCTS_DIR; };
		B666DF6728ED157D001F6741 /* AppDelegate.swift */ = {isa = PBXFileReference; lastKnownFileType = sourcecode.swift; path = AppDelegate.swift; sourceTree = "<group>"; };
		B666DF6928ED157D001F6741 /* SceneDelegate.swift */ = {isa = PBXFileReference; lastKnownFileType = sourcecode.swift; path = SceneDelegate.swift; sourceTree = "<group>"; };
		B666DF6B28ED157D001F6741 /* ViewController.swift */ = {isa = PBXFileReference; lastKnownFileType = sourcecode.swift; path = ViewController.swift; sourceTree = "<group>"; };
		B666DF6E28ED157D001F6741 /* Base */ = {isa = PBXFileReference; lastKnownFileType = file.storyboard; name = Base; path = Base.lproj/Main.storyboard; sourceTree = "<group>"; };
		B666DF7028ED157E001F6741 /* Assets.xcassets */ = {isa = PBXFileReference; lastKnownFileType = folder.assetcatalog; path = Assets.xcassets; sourceTree = "<group>"; };
		B666DF7328ED157E001F6741 /* Base */ = {isa = PBXFileReference; lastKnownFileType = file.storyboard; name = Base; path = Base.lproj/LaunchScreen.storyboard; sourceTree = "<group>"; };
		B666DF7528ED157E001F6741 /* Info.plist */ = {isa = PBXFileReference; lastKnownFileType = text.plist.xml; path = Info.plist; sourceTree = "<group>"; };
		B6AAC7AE28F4F23C00B3C3DC /* SeSACFirebaseExample.entitlements */ = {isa = PBXFileReference; lastKnownFileType = text.plist.entitlements; path = SeSACFirebaseExample.entitlements; sourceTree = "<group>"; };
		B6AAC7AF28F4F6B400B3C3DC /* GoogleService-Info.plist */ = {isa = PBXFileReference; fileEncoding = 4; lastKnownFileType = text.plist.xml; path = "GoogleService-Info.plist"; sourceTree = "<group>"; };
		B6C93E2228F799FE00F2F96F /* Todo.swift */ = {isa = PBXFileReference; lastKnownFileType = sourcecode.swift; path = Todo.swift; sourceTree = "<group>"; };
		B6C93E2428F79BB300F2F96F /* MigrationViewController.swift */ = {isa = PBXFileReference; lastKnownFileType = sourcecode.swift; path = MigrationViewController.swift; sourceTree = "<group>"; };
/* End PBXFileReference section */

/* Begin PBXFrameworksBuildPhase section */
		B666DF6128ED157D001F6741 /* Frameworks */ = {
			isa = PBXFrameworksBuildPhase;
			buildActionMask = 2147483647;
			files = (
				B6AAC7AD28F4EDA100B3C3DC /* FirebaseMessaging in Frameworks */,
				B6AAC7A928F4EDA100B3C3DC /* FirebaseAnalyticsWithoutAdIdSupport in Frameworks */,
				B6C93E1F28F7941600F2F96F /* Realm in Frameworks */,
				B6C93E2128F7941600F2F96F /* RealmSwift in Frameworks */,
				B6AAC7AB28F4EDA100B3C3DC /* FirebaseCrashlytics in Frameworks */,
			);
			runOnlyForDeploymentPostprocessing = 0;
		};
/* End PBXFrameworksBuildPhase section */

/* Begin PBXGroup section */
		B666DF5B28ED157D001F6741 = {
			isa = PBXGroup;
			children = (
				B666DF6628ED157D001F6741 /* SeSACFirebaseExample */,
				B666DF6528ED157D001F6741 /* Products */,
			);
			sourceTree = "<group>";
		};
		B666DF6528ED157D001F6741 /* Products */ = {
			isa = PBXGroup;
			children = (
				B666DF6428ED157D001F6741 /* SeSACFirebaseExample.app */,
			);
			name = Products;
			sourceTree = "<group>";
		};
		B666DF6628ED157D001F6741 /* SeSACFirebaseExample */ = {
			isa = PBXGroup;
			children = (
				B6AAC7AE28F4F23C00B3C3DC /* SeSACFirebaseExample.entitlements */,
				B666DF6728ED157D001F6741 /* AppDelegate.swift */,
				B666DF6928ED157D001F6741 /* SceneDelegate.swift */,
				B666DF6B28ED157D001F6741 /* ViewController.swift */,
				B6C93E2428F79BB300F2F96F /* MigrationViewController.swift */,
				B6C93E2228F799FE00F2F96F /* Todo.swift */,
				B666DF6D28ED157D001F6741 /* Main.storyboard */,
				B666DF7028ED157E001F6741 /* Assets.xcassets */,
				B666DF7228ED157E001F6741 /* LaunchScreen.storyboard */,
				B6AAC7AF28F4F6B400B3C3DC /* GoogleService-Info.plist */,
				B666DF7528ED157E001F6741 /* Info.plist */,
			);
			path = SeSACFirebaseExample;
			sourceTree = "<group>";
		};
/* End PBXGroup section */

/* Begin PBXNativeTarget section */
		B666DF6328ED157D001F6741 /* SeSACFirebaseExample */ = {
			isa = PBXNativeTarget;
			buildConfigurationList = B666DF7828ED157E001F6741 /* Build configuration list for PBXNativeTarget "SeSACFirebaseExample" */;
			buildPhases = (
				B666DF6028ED157D001F6741 /* Sources */,
				B666DF6128ED157D001F6741 /* Frameworks */,
				B666DF6228ED157D001F6741 /* Resources */,
			);
			buildRules = (
			);
			dependencies = (
			);
			name = SeSACFirebaseExample;
			packageProductDependencies = (
				B6AAC7A828F4EDA100B3C3DC /* FirebaseAnalyticsWithoutAdIdSupport */,
				B6AAC7AA28F4EDA100B3C3DC /* FirebaseCrashlytics */,
				B6AAC7AC28F4EDA100B3C3DC /* FirebaseMessaging */,
				B6C93E1E28F7941600F2F96F /* Realm */,
				B6C93E2028F7941600F2F96F /* RealmSwift */,
			);
			productName = SeSACFirebaseExample;
			productReference = B666DF6428ED157D001F6741 /* SeSACFirebaseExample.app */;
			productType = "com.apple.product-type.application";
		};
/* End PBXNativeTarget section */

/* Begin PBXProject section */
		B666DF5C28ED157D001F6741 /* Project object */ = {
			isa = PBXProject;
			attributes = {
				BuildIndependentTargetsInParallel = 1;
				LastSwiftUpdateCheck = 1340;
				LastUpgradeCheck = 1340;
				TargetAttributes = {
					B666DF6328ED157D001F6741 = {
						CreatedOnToolsVersion = 13.4.1;
					};
				};
			};
			buildConfigurationList = B666DF5F28ED157D001F6741 /* Build configuration list for PBXProject "SeSACFirebaseExample" */;
			compatibilityVersion = "Xcode 13.0";
			developmentRegion = en;
			hasScannedForEncodings = 0;
			knownRegions = (
				en,
				Base,
			);
			mainGroup = B666DF5B28ED157D001F6741;
			packageReferences = (
				B6AAC7A728F4EDA100B3C3DC /* XCRemoteSwiftPackageReference "firebase-ios-sdk" */,
				B6C93E1D28F7941600F2F96F /* XCRemoteSwiftPackageReference "realm-swift" */,
			);
			productRefGroup = B666DF6528ED157D001F6741 /* Products */;
			projectDirPath = "";
			projectRoot = "";
			targets = (
				B666DF6328ED157D001F6741 /* SeSACFirebaseExample */,
			);
		};
/* End PBXProject section */

/* Begin PBXResourcesBuildPhase section */
		B666DF6228ED157D001F6741 /* Resources */ = {
			isa = PBXResourcesBuildPhase;
			buildActionMask = 2147483647;
			files = (
				B666DF7428ED157E001F6741 /* LaunchScreen.storyboard in Resources */,
				B6AAC7B028F4F6B500B3C3DC /* GoogleService-Info.plist in Resources */,
				B666DF7128ED157E001F6741 /* Assets.xcassets in Resources */,
				B666DF6F28ED157D001F6741 /* Main.storyboard in Resources */,
			);
			runOnlyForDeploymentPostprocessing = 0;
		};
/* End PBXResourcesBuildPhase section */

/* Begin PBXSourcesBuildPhase section */
		B666DF6028ED157D001F6741 /* Sources */ = {
			isa = PBXSourcesBuildPhase;
			buildActionMask = 2147483647;
			files = (
				B666DF6C28ED157D001F6741 /* ViewController.swift in Sources */,
				B666DF6828ED157D001F6741 /* AppDelegate.swift in Sources */,
				B6C93E2528F79BB300F2F96F /* MigrationViewController.swift in Sources */,
				B666DF6A28ED157D001F6741 /* SceneDelegate.swift in Sources */,
				B6C93E2328F799FE00F2F96F /* Todo.swift in Sources */,
			);
			runOnlyForDeploymentPostprocessing = 0;
		};
/* End PBXSourcesBuildPhase section */

/* Begin PBXVariantGroup section */
		B666DF6D28ED157D001F6741 /* Main.storyboard */ = {
			isa = PBXVariantGroup;
			children = (
				B666DF6E28ED157D001F6741 /* Base */,
			);
			name = Main.storyboard;
			sourceTree = "<group>";
		};
		B666DF7228ED157E001F6741 /* LaunchScreen.storyboard */ = {
			isa = PBXVariantGroup;
			children = (
				B666DF7328ED157E001F6741 /* Base */,
			);
			name = LaunchScreen.storyboard;
			sourceTree = "<group>";
		};
/* End PBXVariantGroup section */

/* Begin XCBuildConfiguration section */
		B666DF7628ED157E001F6741 /* Debug */ = {
			isa = XCBuildConfiguration;
			buildSettings = {
				ALWAYS_SEARCH_USER_PATHS = NO;
				CLANG_ANALYZER_NONNULL = YES;
				CLANG_ANALYZER_NUMBER_OBJECT_CONVERSION = YES_AGGRESSIVE;
				CLANG_CXX_LANGUAGE_STANDARD = "gnu++17";
				CLANG_ENABLE_MODULES = YES;
				CLANG_ENABLE_OBJC_ARC = YES;
				CLANG_ENABLE_OBJC_WEAK = YES;
				CLANG_WARN_BLOCK_CAPTURE_AUTORELEASING = YES;
				CLANG_WARN_BOOL_CONVERSION = YES;
				CLANG_WARN_COMMA = YES;
				CLANG_WARN_CONSTANT_CONVERSION = YES;
				CLANG_WARN_DEPRECATED_OBJC_IMPLEMENTATIONS = YES;
				CLANG_WARN_DIRECT_OBJC_ISA_USAGE = YES_ERROR;
				CLANG_WARN_DOCUMENTATION_COMMENTS = YES;
				CLANG_WARN_EMPTY_BODY = YES;
				CLANG_WARN_ENUM_CONVERSION = YES;
				CLANG_WARN_INFINITE_RECURSION = YES;
				CLANG_WARN_INT_CONVERSION = YES;
				CLANG_WARN_NON_LITERAL_NULL_CONVERSION = YES;
				CLANG_WARN_OBJC_IMPLICIT_RETAIN_SELF = YES;
				CLANG_WARN_OBJC_LITERAL_CONVERSION = YES;
				CLANG_WARN_OBJC_ROOT_CLASS = YES_ERROR;
				CLANG_WARN_QUOTED_INCLUDE_IN_FRAMEWORK_HEADER = YES;
				CLANG_WARN_RANGE_LOOP_ANALYSIS = YES;
				CLANG_WARN_STRICT_PROTOTYPES = YES;
				CLANG_WARN_SUSPICIOUS_MOVE = YES;
				CLANG_WARN_UNGUARDED_AVAILABILITY = YES_AGGRESSIVE;
				CLANG_WARN_UNREACHABLE_CODE = YES;
				CLANG_WARN__DUPLICATE_METHOD_MATCH = YES;
				COPY_PHASE_STRIP = NO;
				DEBUG_INFORMATION_FORMAT = dwarf;
				ENABLE_STRICT_OBJC_MSGSEND = YES;
				ENABLE_TESTABILITY = YES;
				GCC_C_LANGUAGE_STANDARD = gnu11;
				GCC_DYNAMIC_NO_PIC = NO;
				GCC_NO_COMMON_BLOCKS = YES;
				GCC_OPTIMIZATION_LEVEL = 0;
				GCC_PREPROCESSOR_DEFINITIONS = (
					"DEBUG=1",
					"$(inherited)",
				);
				GCC_WARN_64_TO_32_BIT_CONVERSION = YES;
				GCC_WARN_ABOUT_RETURN_TYPE = YES_ERROR;
				GCC_WARN_UNDECLARED_SELECTOR = YES;
				GCC_WARN_UNINITIALIZED_AUTOS = YES_AGGRESSIVE;
				GCC_WARN_UNUSED_FUNCTION = YES;
				GCC_WARN_UNUSED_VARIABLE = YES;
				IPHONEOS_DEPLOYMENT_TARGET = 15.5;
				MTL_ENABLE_DEBUG_INFO = INCLUDE_SOURCE;
				MTL_FAST_MATH = YES;
				ONLY_ACTIVE_ARCH = YES;
				SDKROOT = iphoneos;
				SWIFT_ACTIVE_COMPILATION_CONDITIONS = DEBUG;
				SWIFT_OPTIMIZATION_LEVEL = "-Onone";
			};
			name = Debug;
		};
		B666DF7728ED157E001F6741 /* Release */ = {
			isa = XCBuildConfiguration;
			buildSettings = {
				ALWAYS_SEARCH_USER_PATHS = NO;
				CLANG_ANALYZER_NONNULL = YES;
				CLANG_ANALYZER_NUMBER_OBJECT_CONVERSION = YES_AGGRESSIVE;
				CLANG_CXX_LANGUAGE_STANDARD = "gnu++17";
				CLANG_ENABLE_MODULES = YES;
				CLANG_ENABLE_OBJC_ARC = YES;
				CLANG_ENABLE_OBJC_WEAK = YES;
				CLANG_WARN_BLOCK_CAPTURE_AUTORELEASING = YES;
				CLANG_WARN_BOOL_CONVERSION = YES;
				CLANG_WARN_COMMA = YES;
				CLANG_WARN_CONSTANT_CONVERSION = YES;
				CLANG_WARN_DEPRECATED_OBJC_IMPLEMENTATIONS = YES;
				CLANG_WARN_DIRECT_OBJC_ISA_USAGE = YES_ERROR;
				CLANG_WARN_DOCUMENTATION_COMMENTS = YES;
				CLANG_WARN_EMPTY_BODY = YES;
				CLANG_WARN_ENUM_CONVERSION = YES;
				CLANG_WARN_INFINITE_RECURSION = YES;
				CLANG_WARN_INT_CONVERSION = YES;
				CLANG_WARN_NON_LITERAL_NULL_CONVERSION = YES;
				CLANG_WARN_OBJC_IMPLICIT_RETAIN_SELF = YES;
				CLANG_WARN_OBJC_LITERAL_CONVERSION = YES;
				CLANG_WARN_OBJC_ROOT_CLASS = YES_ERROR;
				CLANG_WARN_QUOTED_INCLUDE_IN_FRAMEWORK_HEADER = YES;
				CLANG_WARN_RANGE_LOOP_ANALYSIS = YES;
				CLANG_WARN_STRICT_PROTOTYPES = YES;
				CLANG_WARN_SUSPICIOUS_MOVE = YES;
				CLANG_WARN_UNGUARDED_AVAILABILITY = YES_AGGRESSIVE;
				CLANG_WARN_UNREACHABLE_CODE = YES;
				CLANG_WARN__DUPLICATE_METHOD_MATCH = YES;
				COPY_PHASE_STRIP = NO;
				DEBUG_INFORMATION_FORMAT = "dwarf-with-dsym";
				ENABLE_NS_ASSERTIONS = NO;
				ENABLE_STRICT_OBJC_MSGSEND = YES;
				GCC_C_LANGUAGE_STANDARD = gnu11;
				GCC_NO_COMMON_BLOCKS = YES;
				GCC_WARN_64_TO_32_BIT_CONVERSION = YES;
				GCC_WARN_ABOUT_RETURN_TYPE = YES_ERROR;
				GCC_WARN_UNDECLARED_SELECTOR = YES;
				GCC_WARN_UNINITIALIZED_AUTOS = YES_AGGRESSIVE;
				GCC_WARN_UNUSED_FUNCTION = YES;
				GCC_WARN_UNUSED_VARIABLE = YES;
				IPHONEOS_DEPLOYMENT_TARGET = 15.5;
				MTL_ENABLE_DEBUG_INFO = NO;
				MTL_FAST_MATH = YES;
				SDKROOT = iphoneos;
				SWIFT_COMPILATION_MODE = wholemodule;
				SWIFT_OPTIMIZATION_LEVEL = "-O";
				VALIDATE_PRODUCT = YES;
			};
			name = Release;
		};
		B666DF7928ED157E001F6741 /* Debug */ = {
			isa = XCBuildConfiguration;
			buildSettings = {
				ASSETCATALOG_COMPILER_APPICON_NAME = AppIcon;
				ASSETCATALOG_COMPILER_GLOBAL_ACCENT_COLOR_NAME = AccentColor;
				CODE_SIGN_ENTITLEMENTS = SeSACFirebaseExample/SeSACFirebaseExample.entitlements;
				CODE_SIGN_STYLE = Automatic;
				CURRENT_PROJECT_VERSION = 1;
				DEVELOPMENT_TEAM = 2RFRSG9M26;
				GENERATE_INFOPLIST_FILE = YES;
				INFOPLIST_FILE = SeSACFirebaseExample/Info.plist;
				INFOPLIST_KEY_UIApplicationSupportsIndirectInputEvents = YES;
				INFOPLIST_KEY_UILaunchStoryboardName = LaunchScreen;
				INFOPLIST_KEY_UIMainStoryboardFile = Main;
				INFOPLIST_KEY_UISupportedInterfaceOrientations_iPad = "UIInterfaceOrientationPortrait UIInterfaceOrientationPortraitUpsideDown UIInterfaceOrientationLandscapeLeft UIInterfaceOrientationLandscapeRight";
				INFOPLIST_KEY_UISupportedInterfaceOrientations_iPhone = "UIInterfaceOrientationPortrait UIInterfaceOrientationLandscapeLeft UIInterfaceOrientationLandscapeRight";
				LD_RUNPATH_SEARCH_PATHS = (
					"$(inherited)",
					"@executable_path/Frameworks",
				);
				MARKETING_VERSION = 1.0;
				PRODUCT_BUNDLE_IDENTIFIER = com.lia.SeSACFirebaseExample;
				PRODUCT_NAME = "$(TARGET_NAME)";
				SWIFT_EMIT_LOC_STRINGS = YES;
				SWIFT_VERSION = 5.0;
				TARGETED_DEVICE_FAMILY = "1,2";
			};
			name = Debug;
		};
		B666DF7A28ED157E001F6741 /* Release */ = {
			isa = XCBuildConfiguration;
			buildSettings = {
				ASSETCATALOG_COMPILER_APPICON_NAME = AppIcon;
				ASSETCATALOG_COMPILER_GLOBAL_ACCENT_COLOR_NAME = AccentColor;
				CODE_SIGN_ENTITLEMENTS = SeSACFirebaseExample/SeSACFirebaseExample.entitlements;
				CODE_SIGN_STYLE = Automatic;
				CURRENT_PROJECT_VERSION = 1;
				DEVELOPMENT_TEAM = 2RFRSG9M26;
				GENERATE_INFOPLIST_FILE = YES;
				INFOPLIST_FILE = SeSACFirebaseExample/Info.plist;
				INFOPLIST_KEY_UIApplicationSupportsIndirectInputEvents = YES;
				INFOPLIST_KEY_UILaunchStoryboardName = LaunchScreen;
				INFOPLIST_KEY_UIMainStoryboardFile = Main;
				INFOPLIST_KEY_UISupportedInterfaceOrientations_iPad = "UIInterfaceOrientationPortrait UIInterfaceOrientationPortraitUpsideDown UIInterfaceOrientationLandscapeLeft UIInterfaceOrientationLandscapeRight";
				INFOPLIST_KEY_UISupportedInterfaceOrientations_iPhone = "UIInterfaceOrientationPortrait UIInterfaceOrientationLandscapeLeft UIInterfaceOrientationLandscapeRight";
				LD_RUNPATH_SEARCH_PATHS = (
					"$(inherited)",
					"@executable_path/Frameworks",
				);
				MARKETING_VERSION = 1.0;
				PRODUCT_BUNDLE_IDENTIFIER = com.lia.SeSACFirebaseExample;
				PRODUCT_NAME = "$(TARGET_NAME)";
				SWIFT_EMIT_LOC_STRINGS = YES;
				SWIFT_VERSION = 5.0;
				TARGETED_DEVICE_FAMILY = "1,2";
			};
			name = Release;
		};
/* End XCBuildConfiguration section */

/* Begin XCConfigurationList section */
		B666DF5F28ED157D001F6741 /* Build configuration list for PBXProject "SeSACFirebaseExample" */ = {
			isa = XCConfigurationList;
			buildConfigurations = (
				B666DF7628ED157E001F6741 /* Debug */,
				B666DF7728ED157E001F6741 /* Release */,
			);
			defaultConfigurationIsVisible = 0;
			defaultConfigurationName = Release;
		};
		B666DF7828ED157E001F6741 /* Build configuration list for PBXNativeTarget "SeSACFirebaseExample" */ = {
			isa = XCConfigurationList;
			buildConfigurations = (
				B666DF7928ED157E001F6741 /* Debug */,
				B666DF7A28ED157E001F6741 /* Release */,
			);
			defaultConfigurationIsVisible = 0;
			defaultConfigurationName = Release;
		};
/* End XCConfigurationList section */

/* Begin XCRemoteSwiftPackageReference section */
		B6AAC7A728F4EDA100B3C3DC /* XCRemoteSwiftPackageReference "firebase-ios-sdk" */ = {
			isa = XCRemoteSwiftPackageReference;
			repositoryURL = "https://github.com/firebase/firebase-ios-sdk";
			requirement = {
				kind = upToNextMajorVersion;
				minimumVersion = 9.0.0;
			};
		};
		B6C93E1D28F7941600F2F96F /* XCRemoteSwiftPackageReference "realm-swift" */ = {
			isa = XCRemoteSwiftPackageReference;
			repositoryURL = "https://github.com/realm/realm-swift.git";
			requirement = {
				kind = upToNextMajorVersion;
				minimumVersion = 10.31.0;
			};
		};
/* End XCRemoteSwiftPackageReference section */

/* Begin XCSwiftPackageProductDependency section */
		B6AAC7A828F4EDA100B3C3DC /* FirebaseAnalyticsWithoutAdIdSupport */ = {
			isa = XCSwiftPackageProductDependency;
			package = B6AAC7A728F4EDA100B3C3DC /* XCRemoteSwiftPackageReference "firebase-ios-sdk" */;
			productName = FirebaseAnalyticsWithoutAdIdSupport;
		};
		B6AAC7AA28F4EDA100B3C3DC /* FirebaseCrashlytics */ = {
			isa = XCSwiftPackageProductDependency;
			package = B6AAC7A728F4EDA100B3C3DC /* XCRemoteSwiftPackageReference "firebase-ios-sdk" */;
			productName = FirebaseCrashlytics;
		};
		B6AAC7AC28F4EDA100B3C3DC /* FirebaseMessaging */ = {
			isa = XCSwiftPackageProductDependency;
			package = B6AAC7A728F4EDA100B3C3DC /* XCRemoteSwiftPackageReference "firebase-ios-sdk" */;
			productName = FirebaseMessaging;
		};
		B6C93E1E28F7941600F2F96F /* Realm */ = {
			isa = XCSwiftPackageProductDependency;
			package = B6C93E1D28F7941600F2F96F /* XCRemoteSwiftPackageReference "realm-swift" */;
			productName = Realm;
		};
		B6C93E2028F7941600F2F96F /* RealmSwift */ = {
			isa = XCSwiftPackageProductDependency;
			package = B6C93E1D28F7941600F2F96F /* XCRemoteSwiftPackageReference "realm-swift" */;
			productName = RealmSwift;
		};
/* End XCSwiftPackageProductDependency section */
	};
	rootObject = B666DF5C28ED157D001F6741 /* Project object */;
}
