// !$*UTF8*$!
{
	archiveVersion = 1;
	classes = {
	};
	objectVersion = 55;
	objects = {

/* Begin PBXBuildFile section */
		B60A1783289BAF530084A658 /* CastViewController.swift in Sources */ = {isa = PBXBuildFile; fileRef = B60A1782289BAF530084A658 /* CastViewController.swift */; };
		B60A1787289BAF950084A658 /* CastTableViewCell.swift in Sources */ = {isa = PBXBuildFile; fileRef = B60A1786289BAF950084A658 /* CastTableViewCell.swift */; };
		B60A1789289BB77F0084A658 /* ReusableViewProtocol.swift in Sources */ = {isa = PBXBuildFile; fileRef = B60A1788289BB77F0084A658 /* ReusableViewProtocol.swift */; };
		B64391502899F6D60071463C /* AppDelegate.swift in Sources */ = {isa = PBXBuildFile; fileRef = B643914F2899F6D60071463C /* AppDelegate.swift */; };
		B64391522899F6D60071463C /* SceneDelegate.swift in Sources */ = {isa = PBXBuildFile; fileRef = B64391512899F6D60071463C /* SceneDelegate.swift */; };
		B64391572899F6D60071463C /* Main.storyboard in Resources */ = {isa = PBXBuildFile; fileRef = B64391552899F6D60071463C /* Main.storyboard */; };
		B64391592899F6D70071463C /* Assets.xcassets in Resources */ = {isa = PBXBuildFile; fileRef = B64391582899F6D70071463C /* Assets.xcassets */; };
		B643915C2899F6D70071463C /* LaunchScreen.storyboard in Resources */ = {isa = PBXBuildFile; fileRef = B643915A2899F6D70071463C /* LaunchScreen.storyboard */; };
		B64391662899F9430071463C /* APIKey.swift in Sources */ = {isa = PBXBuildFile; fileRef = B64391652899F9430071463C /* APIKey.swift */; };
		B64391692899FA4A0071463C /* Constant.swift in Sources */ = {isa = PBXBuildFile; fileRef = B64391682899FA4A0071463C /* Constant.swift */; };
		B644DE8628A24617007010EC /* NewTMDB.storyboard in Resources */ = {isa = PBXBuildFile; fileRef = B644DE8528A24617007010EC /* NewTMDB.storyboard */; };
		B644DE8828A2462A007010EC /* NewTMDBViewController.swift in Sources */ = {isa = PBXBuildFile; fileRef = B644DE8728A2462A007010EC /* NewTMDBViewController.swift */; };
		B644DE8B28A24760007010EC /* CardView.swift in Sources */ = {isa = PBXBuildFile; fileRef = B644DE8A28A24760007010EC /* CardView.swift */; };
		B644DE8D28A2476C007010EC /* CardView.xib in Resources */ = {isa = PBXBuildFile; fileRef = B644DE8C28A2476C007010EC /* CardView.xib */; };
		B644DE8F28A24B37007010EC /* MovieTableViewCell.swift in Sources */ = {isa = PBXBuildFile; fileRef = B644DE8E28A24B37007010EC /* MovieTableViewCell.swift */; };
		B644DE9128A24B4E007010EC /* MovieCollectionViewCell.swift in Sources */ = {isa = PBXBuildFile; fileRef = B644DE9028A24B4E007010EC /* MovieCollectionViewCell.swift */; };
		B6743643289A5F6100F7BC03 /* TMDBViewController.swift in Sources */ = {isa = PBXBuildFile; fileRef = B6743642289A5F6100F7BC03 /* TMDBViewController.swift */; };
		B6743645289A650700F7BC03 /* Struct.swift in Sources */ = {isa = PBXBuildFile; fileRef = B6743644289A650700F7BC03 /* Struct.swift */; };
		B6743648289A6BD600F7BC03 /* Alamofire in Frameworks */ = {isa = PBXBuildFile; productRef = B6743647289A6BD600F7BC03 /* Alamofire */; };
		B674364B289A6BF400F7BC03 /* SwiftyJSON in Frameworks */ = {isa = PBXBuildFile; productRef = B674364A289A6BF400F7BC03 /* SwiftyJSON */; };
		B674364E289A6C0200F7BC03 /* Kingfisher in Frameworks */ = {isa = PBXBuildFile; productRef = B674364D289A6C0200F7BC03 /* Kingfisher */; };
		B691B53C289D43670064F987 /* WebViewController.swift in Sources */ = {isa = PBXBuildFile; fileRef = B691B53B289D43670064F987 /* WebViewController.swift */; };
		B691B53F289E66460064F987 /* TMDBAPIManager.swift in Sources */ = {isa = PBXBuildFile; fileRef = B691B53E289E66460064F987 /* TMDBAPIManager.swift */; };
		B691B542289E68040064F987 /* JGProgressHUD in Frameworks */ = {isa = PBXBuildFile; productRef = B691B541289E68040064F987 /* JGProgressHUD */; };
		B69DA380289A8BC80076843E /* ContentsCollectionViewCell.swift in Sources */ = {isa = PBXBuildFile; fileRef = B69DA37E289A8BC80076843E /* ContentsCollectionViewCell.swift */; };
		B69DA381289A8BC80076843E /* ContentsCollectionViewCell.xib in Resources */ = {isa = PBXBuildFile; fileRef = B69DA37F289A8BC80076843E /* ContentsCollectionViewCell.xib */; };
		B6C2888F28A4F55500CCCEF9 /* TheaterMapViewController.swift in Sources */ = {isa = PBXBuildFile; fileRef = B6C2888E28A4F55500CCCEF9 /* TheaterMapViewController.swift */; };
		B6C2889228A5033500CCCEF9 /* Theater Model.swift in Sources */ = {isa = PBXBuildFile; fileRef = B6C2889128A5033500CCCEF9 /* Theater Model.swift */; };
		B6C2889428A5213F00CCCEF9 /* Theater Annotation.swift in Sources */ = {isa = PBXBuildFile; fileRef = B6C2889328A5213F00CCCEF9 /* Theater Annotation.swift */; };
/* End PBXBuildFile section */

/* Begin PBXFileReference section */
		B60A1782289BAF530084A658 /* CastViewController.swift */ = {isa = PBXFileReference; lastKnownFileType = sourcecode.swift; path = CastViewController.swift; sourceTree = "<group>"; };
		B60A1786289BAF950084A658 /* CastTableViewCell.swift */ = {isa = PBXFileReference; lastKnownFileType = sourcecode.swift; path = CastTableViewCell.swift; sourceTree = "<group>"; };
		B60A1788289BB77F0084A658 /* ReusableViewProtocol.swift */ = {isa = PBXFileReference; lastKnownFileType = sourcecode.swift; path = ReusableViewProtocol.swift; sourceTree = "<group>"; };
		B643914C2899F6D60071463C /* TMDBProject.app */ = {isa = PBXFileReference; explicitFileType = wrapper.application; includeInIndex = 0; path = TMDBProject.app; sourceTree = BUILT_PRODUCTS_DIR; };
		B643914F2899F6D60071463C /* AppDelegate.swift */ = {isa = PBXFileReference; lastKnownFileType = sourcecode.swift; path = AppDelegate.swift; sourceTree = "<group>"; };
		B64391512899F6D60071463C /* SceneDelegate.swift */ = {isa = PBXFileReference; lastKnownFileType = sourcecode.swift; path = SceneDelegate.swift; sourceTree = "<group>"; };
		B64391562899F6D60071463C /* Base */ = {isa = PBXFileReference; lastKnownFileType = file.storyboard; name = Base; path = Base.lproj/Main.storyboard; sourceTree = "<group>"; };
		B64391582899F6D70071463C /* Assets.xcassets */ = {isa = PBXFileReference; lastKnownFileType = folder.assetcatalog; path = Assets.xcassets; sourceTree = "<group>"; };
		B643915B2899F6D70071463C /* Base */ = {isa = PBXFileReference; lastKnownFileType = file.storyboard; name = Base; path = Base.lproj/LaunchScreen.storyboard; sourceTree = "<group>"; };
		B643915D2899F6D70071463C /* Info.plist */ = {isa = PBXFileReference; lastKnownFileType = text.plist.xml; path = Info.plist; sourceTree = "<group>"; };
		B64391652899F9430071463C /* APIKey.swift */ = {isa = PBXFileReference; lastKnownFileType = sourcecode.swift; path = APIKey.swift; sourceTree = "<group>"; };
		B64391682899FA4A0071463C /* Constant.swift */ = {isa = PBXFileReference; lastKnownFileType = sourcecode.swift; path = Constant.swift; sourceTree = "<group>"; };
		B644DE8528A24617007010EC /* NewTMDB.storyboard */ = {isa = PBXFileReference; lastKnownFileType = file.storyboard; path = NewTMDB.storyboard; sourceTree = "<group>"; };
		B644DE8728A2462A007010EC /* NewTMDBViewController.swift */ = {isa = PBXFileReference; lastKnownFileType = sourcecode.swift; path = NewTMDBViewController.swift; sourceTree = "<group>"; };
		B644DE8A28A24760007010EC /* CardView.swift */ = {isa = PBXFileReference; lastKnownFileType = sourcecode.swift; path = CardView.swift; sourceTree = "<group>"; };
		B644DE8C28A2476C007010EC /* CardView.xib */ = {isa = PBXFileReference; lastKnownFileType = file.xib; path = CardView.xib; sourceTree = "<group>"; };
		B644DE8E28A24B37007010EC /* MovieTableViewCell.swift */ = {isa = PBXFileReference; lastKnownFileType = sourcecode.swift; path = MovieTableViewCell.swift; sourceTree = "<group>"; };
		B644DE9028A24B4E007010EC /* MovieCollectionViewCell.swift */ = {isa = PBXFileReference; lastKnownFileType = sourcecode.swift; path = MovieCollectionViewCell.swift; sourceTree = "<group>"; };
		B6743642289A5F6100F7BC03 /* TMDBViewController.swift */ = {isa = PBXFileReference; lastKnownFileType = sourcecode.swift; path = TMDBViewController.swift; sourceTree = "<group>"; };
		B6743644289A650700F7BC03 /* Struct.swift */ = {isa = PBXFileReference; lastKnownFileType = sourcecode.swift; path = Struct.swift; sourceTree = "<group>"; };
		B691B53B289D43670064F987 /* WebViewController.swift */ = {isa = PBXFileReference; lastKnownFileType = sourcecode.swift; path = WebViewController.swift; sourceTree = "<group>"; };
		B691B53E289E66460064F987 /* TMDBAPIManager.swift */ = {isa = PBXFileReference; lastKnownFileType = sourcecode.swift; path = TMDBAPIManager.swift; sourceTree = "<group>"; };
		B69DA37E289A8BC80076843E /* ContentsCollectionViewCell.swift */ = {isa = PBXFileReference; lastKnownFileType = sourcecode.swift; path = ContentsCollectionViewCell.swift; sourceTree = "<group>"; };
		B69DA37F289A8BC80076843E /* ContentsCollectionViewCell.xib */ = {isa = PBXFileReference; lastKnownFileType = file.xib; path = ContentsCollectionViewCell.xib; sourceTree = "<group>"; };
		B6C2888E28A4F55500CCCEF9 /* TheaterMapViewController.swift */ = {isa = PBXFileReference; lastKnownFileType = sourcecode.swift; path = TheaterMapViewController.swift; sourceTree = "<group>"; };
		B6C2889128A5033500CCCEF9 /* Theater Model.swift */ = {isa = PBXFileReference; lastKnownFileType = sourcecode.swift; path = "Theater Model.swift"; sourceTree = "<group>"; };
		B6C2889328A5213F00CCCEF9 /* Theater Annotation.swift */ = {isa = PBXFileReference; lastKnownFileType = sourcecode.swift; path = "Theater Annotation.swift"; sourceTree = "<group>"; };
/* End PBXFileReference section */

/* Begin PBXFrameworksBuildPhase section */
		B64391492899F6D60071463C /* Frameworks */ = {
			isa = PBXFrameworksBuildPhase;
			buildActionMask = 2147483647;
			files = (
				B691B542289E68040064F987 /* JGProgressHUD in Frameworks */,
				B674364E289A6C0200F7BC03 /* Kingfisher in Frameworks */,
				B674364B289A6BF400F7BC03 /* SwiftyJSON in Frameworks */,
				B6743648289A6BD600F7BC03 /* Alamofire in Frameworks */,
			);
			runOnlyForDeploymentPostprocessing = 0;
		};
/* End PBXFrameworksBuildPhase section */

/* Begin PBXGroup section */
		B60A1780289BAEC20084A658 /* ContentsCollection */ = {
			isa = PBXGroup;
			children = (
				B6743642289A5F6100F7BC03 /* TMDBViewController.swift */,
				B69DA37E289A8BC80076843E /* ContentsCollectionViewCell.swift */,
				B69DA37F289A8BC80076843E /* ContentsCollectionViewCell.xib */,
			);
			path = ContentsCollection;
			sourceTree = "<group>";
		};
		B60A1781289BAF1B0084A658 /* CastList */ = {
			isa = PBXGroup;
			children = (
				B60A1782289BAF530084A658 /* CastViewController.swift */,
				B60A1786289BAF950084A658 /* CastTableViewCell.swift */,
			);
			path = CastList;
			sourceTree = "<group>";
		};
		B64391432899F6D60071463C = {
			isa = PBXGroup;
			children = (
				B643914E2899F6D60071463C /* TMDBProject */,
				B643914D2899F6D60071463C /* Products */,
			);
			sourceTree = "<group>";
		};
		B643914D2899F6D60071463C /* Products */ = {
			isa = PBXGroup;
			children = (
				B643914C2899F6D60071463C /* TMDBProject.app */,
			);
			name = Products;
			sourceTree = "<group>";
		};
		B643914E2899F6D60071463C /* TMDBProject */ = {
			isa = PBXGroup;
			children = (
				B64391552899F6D60071463C /* Main.storyboard */,
				B643914F2899F6D60071463C /* AppDelegate.swift */,
				B64391512899F6D60071463C /* SceneDelegate.swift */,
				B6743644289A650700F7BC03 /* Struct.swift */,
				B64391672899FA270071463C /* Resource */,
				B691B543289E79EA0064F987 /* Protocol */,
				B691B545289E7A170064F987 /* APIManaser */,
				B60A1780289BAEC20084A658 /* ContentsCollection */,
				B60A1781289BAF1B0084A658 /* CastList */,
				B691B53D289D437B0064F987 /* WebView */,
				B644DE8428A245B0007010EC /* NewTMDB */,
				B6C2889028A4F56700CCCEF9 /* TheaterMap */,
				B64391582899F6D70071463C /* Assets.xcassets */,
				B643915A2899F6D70071463C /* LaunchScreen.storyboard */,
				B643915D2899F6D70071463C /* Info.plist */,
			);
			path = TMDBProject;
			sourceTree = "<group>";
		};
		B64391672899FA270071463C /* Resource */ = {
			isa = PBXGroup;
			children = (
				B64391652899F9430071463C /* APIKey.swift */,
				B64391682899FA4A0071463C /* Constant.swift */,
			);
			path = Resource;
			sourceTree = "<group>";
		};
		B644DE8428A245B0007010EC /* NewTMDB */ = {
			isa = PBXGroup;
			children = (
				B644DE8928A2465B007010EC /* CardView */,
				B644DE8528A24617007010EC /* NewTMDB.storyboard */,
				B644DE8728A2462A007010EC /* NewTMDBViewController.swift */,
			);
			path = NewTMDB;
			sourceTree = "<group>";
		};
		B644DE8928A2465B007010EC /* CardView */ = {
			isa = PBXGroup;
			children = (
				B644DE8C28A2476C007010EC /* CardView.xib */,
				B644DE8A28A24760007010EC /* CardView.swift */,
				B644DE9028A24B4E007010EC /* MovieCollectionViewCell.swift */,
				B644DE8E28A24B37007010EC /* MovieTableViewCell.swift */,
			);
			path = CardView;
			sourceTree = "<group>";
		};
		B691B53D289D437B0064F987 /* WebView */ = {
			isa = PBXGroup;
			children = (
				B691B53B289D43670064F987 /* WebViewController.swift */,
			);
			path = WebView;
			sourceTree = "<group>";
		};
		B691B543289E79EA0064F987 /* Protocol */ = {
			isa = PBXGroup;
			children = (
				B60A1788289BB77F0084A658 /* ReusableViewProtocol.swift */,
				B691B544289E79EC0064F987 /* New Group */,
			);
			path = Protocol;
			sourceTree = "<group>";
		};
		B691B544289E79EC0064F987 /* New Group */ = {
			isa = PBXGroup;
			children = (
			);
			path = "New Group";
			sourceTree = "<group>";
		};
		B691B545289E7A170064F987 /* APIManaser */ = {
			isa = PBXGroup;
			children = (
				B691B53E289E66460064F987 /* TMDBAPIManager.swift */,
			);
			path = APIManaser;
			sourceTree = "<group>";
		};
		B6C2889028A4F56700CCCEF9 /* TheaterMap */ = {
			isa = PBXGroup;
			children = (
				B6C2888E28A4F55500CCCEF9 /* TheaterMapViewController.swift */,
				B6C2889128A5033500CCCEF9 /* Theater Model.swift */,
				B6C2889328A5213F00CCCEF9 /* Theater Annotation.swift */,
			);
			path = TheaterMap;
			sourceTree = "<group>";
		};
/* End PBXGroup section */

/* Begin PBXNativeTarget section */
		B643914B2899F6D60071463C /* TMDBProject */ = {
			isa = PBXNativeTarget;
			buildConfigurationList = B64391602899F6D70071463C /* Build configuration list for PBXNativeTarget "TMDBProject" */;
			buildPhases = (
				B64391482899F6D60071463C /* Sources */,
				B64391492899F6D60071463C /* Frameworks */,
				B643914A2899F6D60071463C /* Resources */,
			);
			buildRules = (
			);
			dependencies = (
			);
			name = TMDBProject;
			packageProductDependencies = (
				B6743647289A6BD600F7BC03 /* Alamofire */,
				B674364A289A6BF400F7BC03 /* SwiftyJSON */,
				B674364D289A6C0200F7BC03 /* Kingfisher */,
				B691B541289E68040064F987 /* JGProgressHUD */,
			);
			productName = TMDBProject;
			productReference = B643914C2899F6D60071463C /* TMDBProject.app */;
			productType = "com.apple.product-type.application";
		};
/* End PBXNativeTarget section */

/* Begin PBXProject section */
		B64391442899F6D60071463C /* Project object */ = {
			isa = PBXProject;
			attributes = {
				BuildIndependentTargetsInParallel = 1;
				LastSwiftUpdateCheck = 1340;
				LastUpgradeCheck = 1340;
				TargetAttributes = {
					B643914B2899F6D60071463C = {
						CreatedOnToolsVersion = 13.4.1;
					};
				};
			};
			buildConfigurationList = B64391472899F6D60071463C /* Build configuration list for PBXProject "TMDBProject" */;
			compatibilityVersion = "Xcode 13.0";
			developmentRegion = en;
			hasScannedForEncodings = 0;
			knownRegions = (
				en,
				Base,
			);
			mainGroup = B64391432899F6D60071463C;
			packageReferences = (
				B6743646289A6BD600F7BC03 /* XCRemoteSwiftPackageReference "Alamofire" */,
				B6743649289A6BF400F7BC03 /* XCRemoteSwiftPackageReference "SwiftyJSON" */,
				B674364C289A6C0200F7BC03 /* XCRemoteSwiftPackageReference "Kingfisher" */,
				B691B540289E68040064F987 /* XCRemoteSwiftPackageReference "JGProgressHUD" */,
			);
			productRefGroup = B643914D2899F6D60071463C /* Products */;
			projectDirPath = "";
			projectRoot = "";
			targets = (
				B643914B2899F6D60071463C /* TMDBProject */,
			);
		};
/* End PBXProject section */

/* Begin PBXResourcesBuildPhase section */
		B643914A2899F6D60071463C /* Resources */ = {
			isa = PBXResourcesBuildPhase;
			buildActionMask = 2147483647;
			files = (
				B644DE8628A24617007010EC /* NewTMDB.storyboard in Resources */,
				B69DA381289A8BC80076843E /* ContentsCollectionViewCell.xib in Resources */,
				B644DE8D28A2476C007010EC /* CardView.xib in Resources */,
				B643915C2899F6D70071463C /* LaunchScreen.storyboard in Resources */,
				B64391592899F6D70071463C /* Assets.xcassets in Resources */,
				B64391572899F6D60071463C /* Main.storyboard in Resources */,
			);
			runOnlyForDeploymentPostprocessing = 0;
		};
/* End PBXResourcesBuildPhase section */

/* Begin PBXSourcesBuildPhase section */
		B64391482899F6D60071463C /* Sources */ = {
			isa = PBXSourcesBuildPhase;
			buildActionMask = 2147483647;
			files = (
				B644DE8B28A24760007010EC /* CardView.swift in Sources */,
				B6743643289A5F6100F7BC03 /* TMDBViewController.swift in Sources */,
				B64391502899F6D60071463C /* AppDelegate.swift in Sources */,
				B64391692899FA4A0071463C /* Constant.swift in Sources */,
				B69DA380289A8BC80076843E /* ContentsCollectionViewCell.swift in Sources */,
				B644DE8F28A24B37007010EC /* MovieTableViewCell.swift in Sources */,
				B60A1783289BAF530084A658 /* CastViewController.swift in Sources */,
				B6C2889428A5213F00CCCEF9 /* Theater Annotation.swift in Sources */,
				B60A1787289BAF950084A658 /* CastTableViewCell.swift in Sources */,
				B64391662899F9430071463C /* APIKey.swift in Sources */,
				B6743645289A650700F7BC03 /* Struct.swift in Sources */,
				B60A1789289BB77F0084A658 /* ReusableViewProtocol.swift in Sources */,
				B644DE8828A2462A007010EC /* NewTMDBViewController.swift in Sources */,
				B691B53F289E66460064F987 /* TMDBAPIManager.swift in Sources */,
				B6C2888F28A4F55500CCCEF9 /* TheaterMapViewController.swift in Sources */,
				B691B53C289D43670064F987 /* WebViewController.swift in Sources */,
				B64391522899F6D60071463C /* SceneDelegate.swift in Sources */,
				B6C2889228A5033500CCCEF9 /* Theater Model.swift in Sources */,
				B644DE9128A24B4E007010EC /* MovieCollectionViewCell.swift in Sources */,
			);
			runOnlyForDeploymentPostprocessing = 0;
		};
/* End PBXSourcesBuildPhase section */

/* Begin PBXVariantGroup section */
		B64391552899F6D60071463C /* Main.storyboard */ = {
			isa = PBXVariantGroup;
			children = (
				B64391562899F6D60071463C /* Base */,
			);
			name = Main.storyboard;
			sourceTree = "<group>";
		};
		B643915A2899F6D70071463C /* LaunchScreen.storyboard */ = {
			isa = PBXVariantGroup;
			children = (
				B643915B2899F6D70071463C /* Base */,
			);
			name = LaunchScreen.storyboard;
			sourceTree = "<group>";
		};
/* End PBXVariantGroup section */

/* Begin XCBuildConfiguration section */
		B643915E2899F6D70071463C /* Debug */ = {
			isa = XCBuildConfiguration;
			buildSettings = {
				ALWAYS_SEARCH_USER_PATHS = NO;
				CLANG_ANALYZER_NONNULL = YES;
				CLANG_ANALYZER_NUMBER_OBJECT_CONVERSION = YES_AGGRESSIVE;
				CLANG_CXX_LANGUAGE_STANDARD = "gnu++17";
				CLANG_ENABLE_MODULES = YES;
				CLANG_ENABLE_OBJC_ARC = YES;
				CLANG_ENABLE_OBJC_WEAK = YES;
				CLANG_WARN_BLOCK_CAPTURE_AUTORELEASING = YES;
				CLANG_WARN_BOOL_CONVERSION = YES;
				CLANG_WARN_COMMA = YES;
				CLANG_WARN_CONSTANT_CONVERSION = YES;
				CLANG_WARN_DEPRECATED_OBJC_IMPLEMENTATIONS = YES;
				CLANG_WARN_DIRECT_OBJC_ISA_USAGE = YES_ERROR;
				CLANG_WARN_DOCUMENTATION_COMMENTS = YES;
				CLANG_WARN_EMPTY_BODY = YES;
				CLANG_WARN_ENUM_CONVERSION = YES;
				CLANG_WARN_INFINITE_RECURSION = YES;
				CLANG_WARN_INT_CONVERSION = YES;
				CLANG_WARN_NON_LITERAL_NULL_CONVERSION = YES;
				CLANG_WARN_OBJC_IMPLICIT_RETAIN_SELF = YES;
				CLANG_WARN_OBJC_LITERAL_CONVERSION = YES;
				CLANG_WARN_OBJC_ROOT_CLASS = YES_ERROR;
				CLANG_WARN_QUOTED_INCLUDE_IN_FRAMEWORK_HEADER = YES;
				CLANG_WARN_RANGE_LOOP_ANALYSIS = YES;
				CLANG_WARN_STRICT_PROTOTYPES = YES;
				CLANG_WARN_SUSPICIOUS_MOVE = YES;
				CLANG_WARN_UNGUARDED_AVAILABILITY = YES_AGGRESSIVE;
				CLANG_WARN_UNREACHABLE_CODE = YES;
				CLANG_WARN__DUPLICATE_METHOD_MATCH = YES;
				COPY_PHASE_STRIP = NO;
				DEBUG_INFORMATION_FORMAT = dwarf;
				ENABLE_STRICT_OBJC_MSGSEND = YES;
				ENABLE_TESTABILITY = YES;
				GCC_C_LANGUAGE_STANDARD = gnu11;
				GCC_DYNAMIC_NO_PIC = NO;
				GCC_NO_COMMON_BLOCKS = YES;
				GCC_OPTIMIZATION_LEVEL = 0;
				GCC_PREPROCESSOR_DEFINITIONS = (
					"DEBUG=1",
					"$(inherited)",
				);
				GCC_WARN_64_TO_32_BIT_CONVERSION = YES;
				GCC_WARN_ABOUT_RETURN_TYPE = YES_ERROR;
				GCC_WARN_UNDECLARED_SELECTOR = YES;
				GCC_WARN_UNINITIALIZED_AUTOS = YES_AGGRESSIVE;
				GCC_WARN_UNUSED_FUNCTION = YES;
				GCC_WARN_UNUSED_VARIABLE = YES;
				IPHONEOS_DEPLOYMENT_TARGET = 15.5;
				MTL_ENABLE_DEBUG_INFO = INCLUDE_SOURCE;
				MTL_FAST_MATH = YES;
				ONLY_ACTIVE_ARCH = YES;
				SDKROOT = iphoneos;
				SWIFT_ACTIVE_COMPILATION_CONDITIONS = DEBUG;
				SWIFT_OPTIMIZATION_LEVEL = "-Onone";
			};
			name = Debug;
		};
		B643915F2899F6D70071463C /* Release */ = {
			isa = XCBuildConfiguration;
			buildSettings = {
				ALWAYS_SEARCH_USER_PATHS = NO;
				CLANG_ANALYZER_NONNULL = YES;
				CLANG_ANALYZER_NUMBER_OBJECT_CONVERSION = YES_AGGRESSIVE;
				CLANG_CXX_LANGUAGE_STANDARD = "gnu++17";
				CLANG_ENABLE_MODULES = YES;
				CLANG_ENABLE_OBJC_ARC = YES;
				CLANG_ENABLE_OBJC_WEAK = YES;
				CLANG_WARN_BLOCK_CAPTURE_AUTORELEASING = YES;
				CLANG_WARN_BOOL_CONVERSION = YES;
				CLANG_WARN_COMMA = YES;
				CLANG_WARN_CONSTANT_CONVERSION = YES;
				CLANG_WARN_DEPRECATED_OBJC_IMPLEMENTATIONS = YES;
				CLANG_WARN_DIRECT_OBJC_ISA_USAGE = YES_ERROR;
				CLANG_WARN_DOCUMENTATION_COMMENTS = YES;
				CLANG_WARN_EMPTY_BODY = YES;
				CLANG_WARN_ENUM_CONVERSION = YES;
				CLANG_WARN_INFINITE_RECURSION = YES;
				CLANG_WARN_INT_CONVERSION = YES;
				CLANG_WARN_NON_LITERAL_NULL_CONVERSION = YES;
				CLANG_WARN_OBJC_IMPLICIT_RETAIN_SELF = YES;
				CLANG_WARN_OBJC_LITERAL_CONVERSION = YES;
				CLANG_WARN_OBJC_ROOT_CLASS = YES_ERROR;
				CLANG_WARN_QUOTED_INCLUDE_IN_FRAMEWORK_HEADER = YES;
				CLANG_WARN_RANGE_LOOP_ANALYSIS = YES;
				CLANG_WARN_STRICT_PROTOTYPES = YES;
				CLANG_WARN_SUSPICIOUS_MOVE = YES;
				CLANG_WARN_UNGUARDED_AVAILABILITY = YES_AGGRESSIVE;
				CLANG_WARN_UNREACHABLE_CODE = YES;
				CLANG_WARN__DUPLICATE_METHOD_MATCH = YES;
				COPY_PHASE_STRIP = NO;
				DEBUG_INFORMATION_FORMAT = "dwarf-with-dsym";
				ENABLE_NS_ASSERTIONS = NO;
				ENABLE_STRICT_OBJC_MSGSEND = YES;
				GCC_C_LANGUAGE_STANDARD = gnu11;
				GCC_NO_COMMON_BLOCKS = YES;
				GCC_WARN_64_TO_32_BIT_CONVERSION = YES;
				GCC_WARN_ABOUT_RETURN_TYPE = YES_ERROR;
				GCC_WARN_UNDECLARED_SELECTOR = YES;
				GCC_WARN_UNINITIALIZED_AUTOS = YES_AGGRESSIVE;
				GCC_WARN_UNUSED_FUNCTION = YES;
				GCC_WARN_UNUSED_VARIABLE = YES;
				IPHONEOS_DEPLOYMENT_TARGET = 15.5;
				MTL_ENABLE_DEBUG_INFO = NO;
				MTL_FAST_MATH = YES;
				SDKROOT = iphoneos;
				SWIFT_COMPILATION_MODE = wholemodule;
				SWIFT_OPTIMIZATION_LEVEL = "-O";
				VALIDATE_PRODUCT = YES;
			};
			name = Release;
		};
		B64391612899F6D70071463C /* Debug */ = {
			isa = XCBuildConfiguration;
			buildSettings = {
				ASSETCATALOG_COMPILER_APPICON_NAME = AppIcon;
				ASSETCATALOG_COMPILER_GLOBAL_ACCENT_COLOR_NAME = AccentColor;
				CODE_SIGN_STYLE = Automatic;
				CURRENT_PROJECT_VERSION = 1;
				DEVELOPMENT_TEAM = 2RFRSG9M26;
				GENERATE_INFOPLIST_FILE = YES;
				INFOPLIST_FILE = TMDBProject/Info.plist;
				INFOPLIST_KEY_UIApplicationSupportsIndirectInputEvents = YES;
				INFOPLIST_KEY_UILaunchStoryboardName = LaunchScreen;
				INFOPLIST_KEY_UIMainStoryboardFile = Main;
				INFOPLIST_KEY_UISupportedInterfaceOrientations_iPad = "UIInterfaceOrientationPortrait UIInterfaceOrientationPortraitUpsideDown UIInterfaceOrientationLandscapeLeft UIInterfaceOrientationLandscapeRight";
				INFOPLIST_KEY_UISupportedInterfaceOrientations_iPhone = "UIInterfaceOrientationPortrait UIInterfaceOrientationLandscapeLeft UIInterfaceOrientationLandscapeRight";
				LD_RUNPATH_SEARCH_PATHS = (
					"$(inherited)",
					"@executable_path/Frameworks",
				);
				MARKETING_VERSION = 1.0;
				PRODUCT_BUNDLE_IDENTIFIER = com.lia.TMDBProject;
				PRODUCT_NAME = "$(TARGET_NAME)";
				SWIFT_EMIT_LOC_STRINGS = YES;
				SWIFT_VERSION = 5.0;
				TARGETED_DEVICE_FAMILY = "1,2";
			};
			name = Debug;
		};
		B64391622899F6D70071463C /* Release */ = {
			isa = XCBuildConfiguration;
			buildSettings = {
				ASSETCATALOG_COMPILER_APPICON_NAME = AppIcon;
				ASSETCATALOG_COMPILER_GLOBAL_ACCENT_COLOR_NAME = AccentColor;
				CODE_SIGN_STYLE = Automatic;
				CURRENT_PROJECT_VERSION = 1;
				DEVELOPMENT_TEAM = 2RFRSG9M26;
				GENERATE_INFOPLIST_FILE = YES;
				INFOPLIST_FILE = TMDBProject/Info.plist;
				INFOPLIST_KEY_UIApplicationSupportsIndirectInputEvents = YES;
				INFOPLIST_KEY_UILaunchStoryboardName = LaunchScreen;
				INFOPLIST_KEY_UIMainStoryboardFile = Main;
				INFOPLIST_KEY_UISupportedInterfaceOrientations_iPad = "UIInterfaceOrientationPortrait UIInterfaceOrientationPortraitUpsideDown UIInterfaceOrientationLandscapeLeft UIInterfaceOrientationLandscapeRight";
				INFOPLIST_KEY_UISupportedInterfaceOrientations_iPhone = "UIInterfaceOrientationPortrait UIInterfaceOrientationLandscapeLeft UIInterfaceOrientationLandscapeRight";
				LD_RUNPATH_SEARCH_PATHS = (
					"$(inherited)",
					"@executable_path/Frameworks",
				);
				MARKETING_VERSION = 1.0;
				PRODUCT_BUNDLE_IDENTIFIER = com.lia.TMDBProject;
				PRODUCT_NAME = "$(TARGET_NAME)";
				SWIFT_EMIT_LOC_STRINGS = YES;
				SWIFT_VERSION = 5.0;
				TARGETED_DEVICE_FAMILY = "1,2";
			};
			name = Release;
		};
/* End XCBuildConfiguration section */

/* Begin XCConfigurationList section */
		B64391472899F6D60071463C /* Build configuration list for PBXProject "TMDBProject" */ = {
			isa = XCConfigurationList;
			buildConfigurations = (
				B643915E2899F6D70071463C /* Debug */,
				B643915F2899F6D70071463C /* Release */,
			);
			defaultConfigurationIsVisible = 0;
			defaultConfigurationName = Release;
		};
		B64391602899F6D70071463C /* Build configuration list for PBXNativeTarget "TMDBProject" */ = {
			isa = XCConfigurationList;
			buildConfigurations = (
				B64391612899F6D70071463C /* Debug */,
				B64391622899F6D70071463C /* Release */,
			);
			defaultConfigurationIsVisible = 0;
			defaultConfigurationName = Release;
		};
/* End XCConfigurationList section */

/* Begin XCRemoteSwiftPackageReference section */
		B6743646289A6BD600F7BC03 /* XCRemoteSwiftPackageReference "Alamofire" */ = {
			isa = XCRemoteSwiftPackageReference;
			repositoryURL = "https://github.com/Alamofire/Alamofire.git";
			requirement = {
				kind = upToNextMajorVersion;
				minimumVersion = 5.0.0;
			};
		};
		B6743649289A6BF400F7BC03 /* XCRemoteSwiftPackageReference "SwiftyJSON" */ = {
			isa = XCRemoteSwiftPackageReference;
			repositoryURL = "https://github.com/SwiftyJSON/SwiftyJSON.git";
			requirement = {
				kind = upToNextMajorVersion;
				minimumVersion = 5.0.0;
			};
		};
		B674364C289A6C0200F7BC03 /* XCRemoteSwiftPackageReference "Kingfisher" */ = {
			isa = XCRemoteSwiftPackageReference;
			repositoryURL = "https://github.com/onevcat/Kingfisher.git";
			requirement = {
				kind = upToNextMajorVersion;
				minimumVersion = 7.0.0;
			};
		};
		B691B540289E68040064F987 /* XCRemoteSwiftPackageReference "JGProgressHUD" */ = {
			isa = XCRemoteSwiftPackageReference;
			repositoryURL = "https://github.com/JonasGessner/JGProgressHUD.git";
			requirement = {
				kind = upToNextMajorVersion;
				minimumVersion = 2.0.0;
			};
		};
/* End XCRemoteSwiftPackageReference section */

/* Begin XCSwiftPackageProductDependency section */
		B6743647289A6BD600F7BC03 /* Alamofire */ = {
			isa = XCSwiftPackageProductDependency;
			package = B6743646289A6BD600F7BC03 /* XCRemoteSwiftPackageReference "Alamofire" */;
			productName = Alamofire;
		};
		B674364A289A6BF400F7BC03 /* SwiftyJSON */ = {
			isa = XCSwiftPackageProductDependency;
			package = B6743649289A6BF400F7BC03 /* XCRemoteSwiftPackageReference "SwiftyJSON" */;
			productName = SwiftyJSON;
		};
		B674364D289A6C0200F7BC03 /* Kingfisher */ = {
			isa = XCSwiftPackageProductDependency;
			package = B674364C289A6C0200F7BC03 /* XCRemoteSwiftPackageReference "Kingfisher" */;
			productName = Kingfisher;
		};
		B691B541289E68040064F987 /* JGProgressHUD */ = {
			isa = XCSwiftPackageProductDependency;
			package = B691B540289E68040064F987 /* XCRemoteSwiftPackageReference "JGProgressHUD" */;
			productName = JGProgressHUD;
		};
/* End XCSwiftPackageProductDependency section */
	};
	rootObject = B64391442899F6D60071463C /* Project object */;
}
