// !$*UTF8*$!
{
	archiveVersion = 1;
	classes = {
	};
	objectVersion = 55;
	objects = {

/* Begin PBXBuildFile section */
		B644DE8328A1FE4D007010EC /* MainTableViewCell.swift in Sources */ = {isa = PBXBuildFile; fileRef = B644DE8228A1FE4D007010EC /* MainTableViewCell.swift */; };
		B644DE9428A3307E007010EC /* ReusableViewProtocol.swift in Sources */ = {isa = PBXBuildFile; fileRef = B644DE9328A3307E007010EC /* ReusableViewProtocol.swift */; };
		B644DE9628A343E3007010EC /* TMDBAPIManager.swift in Sources */ = {isa = PBXBuildFile; fileRef = B644DE9528A343E3007010EC /* TMDBAPIManager.swift */; };
		B648B7E428A5D80E00786281 /* YPImagePicker in Frameworks */ = {isa = PBXBuildFile; productRef = B648B7E328A5D80E00786281 /* YPImagePicker */; };
		B648B7E628A5DD1300786281 /* CameraViewController.swift in Sources */ = {isa = PBXBuildFile; fileRef = B648B7E528A5DD1300786281 /* CameraViewController.swift */; };
		B648B7E828A6C41E00786281 /* ClovaAPIManager.swift in Sources */ = {isa = PBXBuildFile; fileRef = B648B7E728A6C41E00786281 /* ClovaAPIManager.swift */; };
		B692710728A08FE300ACA4D3 /* AppDelegate.swift in Sources */ = {isa = PBXBuildFile; fileRef = B692710628A08FE300ACA4D3 /* AppDelegate.swift */; };
		B692710928A08FE300ACA4D3 /* SceneDelegate.swift in Sources */ = {isa = PBXBuildFile; fileRef = B692710828A08FE300ACA4D3 /* SceneDelegate.swift */; };
		B692710B28A08FE300ACA4D3 /* ViewController.swift in Sources */ = {isa = PBXBuildFile; fileRef = B692710A28A08FE300ACA4D3 /* ViewController.swift */; };
		B692710E28A08FE300ACA4D3 /* Main.storyboard in Resources */ = {isa = PBXBuildFile; fileRef = B692710C28A08FE300ACA4D3 /* Main.storyboard */; };
		B692711028A08FE400ACA4D3 /* Assets.xcassets in Resources */ = {isa = PBXBuildFile; fileRef = B692710F28A08FE400ACA4D3 /* Assets.xcassets */; };
		B692711328A08FE400ACA4D3 /* LaunchScreen.storyboard in Resources */ = {isa = PBXBuildFile; fileRef = B692711128A08FE400ACA4D3 /* LaunchScreen.storyboard */; };
		B692711C28A0907100ACA4D3 /* Alamofire in Frameworks */ = {isa = PBXBuildFile; productRef = B692711B28A0907100ACA4D3 /* Alamofire */; };
		B692711F28A0908800ACA4D3 /* Kingfisher in Frameworks */ = {isa = PBXBuildFile; productRef = B692711E28A0908800ACA4D3 /* Kingfisher */; };
		B692712228A0909100ACA4D3 /* SwiftyJSON in Frameworks */ = {isa = PBXBuildFile; productRef = B692712128A0909100ACA4D3 /* SwiftyJSON */; };
		B692712428A0913300ACA4D3 /* APIKey.swift in Sources */ = {isa = PBXBuildFile; fileRef = B692712328A0913300ACA4D3 /* APIKey.swift */; };
		B692712728A094A200ACA4D3 /* Endpoint.swift in Sources */ = {isa = PBXBuildFile; fileRef = B692712628A094A200ACA4D3 /* Endpoint.swift */; };
		B692712928A0951400ACA4D3 /* URL + Extension.swift in Sources */ = {isa = PBXBuildFile; fileRef = B692712828A0951400ACA4D3 /* URL + Extension.swift */; };
		B692712B28A0A78400ACA4D3 /* KakaoAPIManager.swift in Sources */ = {isa = PBXBuildFile; fileRef = B692712A28A0A78400ACA4D3 /* KakaoAPIManager.swift */; };
		B692712D28A0ABEC00ACA4D3 /* ClosureViewController.swift in Sources */ = {isa = PBXBuildFile; fileRef = B692712C28A0ABEC00ACA4D3 /* ClosureViewController.swift */; };
		B692713028A1E05700ACA4D3 /* SeSACButton.swift in Sources */ = {isa = PBXBuildFile; fileRef = B692712F28A1E05700ACA4D3 /* SeSACButton.swift */; };
		B692713228A1E5FC00ACA4D3 /* CardView.xib in Resources */ = {isa = PBXBuildFile; fileRef = B692713128A1E5FC00ACA4D3 /* CardView.xib */; };
		B692713428A1E64900ACA4D3 /* CardView.swift in Sources */ = {isa = PBXBuildFile; fileRef = B692713328A1E64900ACA4D3 /* CardView.swift */; };
		B692713728A1F36C00ACA4D3 /* CardCollectionViewCell.swift in Sources */ = {isa = PBXBuildFile; fileRef = B692713528A1F36C00ACA4D3 /* CardCollectionViewCell.swift */; };
		B692713828A1F36C00ACA4D3 /* CardCollectionViewCell.xib in Resources */ = {isa = PBXBuildFile; fileRef = B692713628A1F36C00ACA4D3 /* CardCollectionViewCell.xib */; };
		B692713A28A1F64D00ACA4D3 /* MainViewController.swift in Sources */ = {isa = PBXBuildFile; fileRef = B692713928A1F64D00ACA4D3 /* MainViewController.swift */; };
		B6C2888D28A4939D00CCCEF9 /* MapViewController.swift in Sources */ = {isa = PBXBuildFile; fileRef = B6C2888C28A4939D00CCCEF9 /* MapViewController.swift */; };
		B6C2889728A5D6D300CCCEF9 /* TLPhotoPicker in Frameworks */ = {isa = PBXBuildFile; productRef = B6C2889628A5D6D300CCCEF9 /* TLPhotoPicker */; };
/* End PBXBuildFile section */

/* Begin PBXFileReference section */
		B644DE8228A1FE4D007010EC /* MainTableViewCell.swift */ = {isa = PBXFileReference; lastKnownFileType = sourcecode.swift; path = MainTableViewCell.swift; sourceTree = "<group>"; };
		B644DE9328A3307E007010EC /* ReusableViewProtocol.swift */ = {isa = PBXFileReference; lastKnownFileType = sourcecode.swift; path = ReusableViewProtocol.swift; sourceTree = "<group>"; };
		B644DE9528A343E3007010EC /* TMDBAPIManager.swift */ = {isa = PBXFileReference; lastKnownFileType = sourcecode.swift; path = TMDBAPIManager.swift; sourceTree = "<group>"; };
		B648B7E528A5DD1300786281 /* CameraViewController.swift */ = {isa = PBXFileReference; lastKnownFileType = sourcecode.swift; path = CameraViewController.swift; sourceTree = "<group>"; };
		B648B7E728A6C41E00786281 /* ClovaAPIManager.swift */ = {isa = PBXFileReference; lastKnownFileType = sourcecode.swift; path = ClovaAPIManager.swift; sourceTree = "<group>"; };
		B692710328A08FE300ACA4D3 /* SeSACWeek6.app */ = {isa = PBXFileReference; explicitFileType = wrapper.application; includeInIndex = 0; path = SeSACWeek6.app; sourceTree = BUILT_PRODUCTS_DIR; };
		B692710628A08FE300ACA4D3 /* AppDelegate.swift */ = {isa = PBXFileReference; lastKnownFileType = sourcecode.swift; path = AppDelegate.swift; sourceTree = "<group>"; };
		B692710828A08FE300ACA4D3 /* SceneDelegate.swift */ = {isa = PBXFileReference; lastKnownFileType = sourcecode.swift; path = SceneDelegate.swift; sourceTree = "<group>"; };
		B692710A28A08FE300ACA4D3 /* ViewController.swift */ = {isa = PBXFileReference; lastKnownFileType = sourcecode.swift; path = ViewController.swift; sourceTree = "<group>"; };
		B692710D28A08FE300ACA4D3 /* Base */ = {isa = PBXFileReference; lastKnownFileType = file.storyboard; name = Base; path = Base.lproj/Main.storyboard; sourceTree = "<group>"; };
		B692710F28A08FE400ACA4D3 /* Assets.xcassets */ = {isa = PBXFileReference; lastKnownFileType = folder.assetcatalog; path = Assets.xcassets; sourceTree = "<group>"; };
		B692711228A08FE400ACA4D3 /* Base */ = {isa = PBXFileReference; lastKnownFileType = file.storyboard; name = Base; path = Base.lproj/LaunchScreen.storyboard; sourceTree = "<group>"; };
		B692711428A08FE400ACA4D3 /* Info.plist */ = {isa = PBXFileReference; lastKnownFileType = text.plist.xml; path = Info.plist; sourceTree = "<group>"; };
		B692712328A0913300ACA4D3 /* APIKey.swift */ = {isa = PBXFileReference; lastKnownFileType = sourcecode.swift; path = APIKey.swift; sourceTree = "<group>"; };
		B692712628A094A200ACA4D3 /* Endpoint.swift */ = {isa = PBXFileReference; lastKnownFileType = sourcecode.swift; path = Endpoint.swift; sourceTree = "<group>"; };
		B692712828A0951400ACA4D3 /* URL + Extension.swift */ = {isa = PBXFileReference; lastKnownFileType = sourcecode.swift; path = "URL + Extension.swift"; sourceTree = "<group>"; };
		B692712A28A0A78400ACA4D3 /* KakaoAPIManager.swift */ = {isa = PBXFileReference; lastKnownFileType = sourcecode.swift; path = KakaoAPIManager.swift; sourceTree = "<group>"; };
		B692712C28A0ABEC00ACA4D3 /* ClosureViewController.swift */ = {isa = PBXFileReference; lastKnownFileType = sourcecode.swift; path = ClosureViewController.swift; sourceTree = "<group>"; };
		B692712F28A1E05700ACA4D3 /* SeSACButton.swift */ = {isa = PBXFileReference; lastKnownFileType = sourcecode.swift; path = SeSACButton.swift; sourceTree = "<group>"; };
		B692713128A1E5FC00ACA4D3 /* CardView.xib */ = {isa = PBXFileReference; lastKnownFileType = file.xib; path = CardView.xib; sourceTree = "<group>"; };
		B692713328A1E64900ACA4D3 /* CardView.swift */ = {isa = PBXFileReference; lastKnownFileType = sourcecode.swift; path = CardView.swift; sourceTree = "<group>"; };
		B692713528A1F36C00ACA4D3 /* CardCollectionViewCell.swift */ = {isa = PBXFileReference; lastKnownFileType = sourcecode.swift; path = CardCollectionViewCell.swift; sourceTree = "<group>"; };
		B692713628A1F36C00ACA4D3 /* CardCollectionViewCell.xib */ = {isa = PBXFileReference; lastKnownFileType = file.xib; path = CardCollectionViewCell.xib; sourceTree = "<group>"; };
		B692713928A1F64D00ACA4D3 /* MainViewController.swift */ = {isa = PBXFileReference; lastKnownFileType = sourcecode.swift; path = MainViewController.swift; sourceTree = "<group>"; };
		B6C2888C28A4939D00CCCEF9 /* MapViewController.swift */ = {isa = PBXFileReference; lastKnownFileType = sourcecode.swift; path = MapViewController.swift; sourceTree = "<group>"; };
/* End PBXFileReference section */

/* Begin PBXFrameworksBuildPhase section */
		B692710028A08FE300ACA4D3 /* Frameworks */ = {
			isa = PBXFrameworksBuildPhase;
			buildActionMask = 2147483647;
			files = (
				B692712228A0909100ACA4D3 /* SwiftyJSON in Frameworks */,
				B648B7E428A5D80E00786281 /* YPImagePicker in Frameworks */,
				B6C2889728A5D6D300CCCEF9 /* TLPhotoPicker in Frameworks */,
				B692711F28A0908800ACA4D3 /* Kingfisher in Frameworks */,
				B692711C28A0907100ACA4D3 /* Alamofire in Frameworks */,
			);
			runOnlyForDeploymentPostprocessing = 0;
		};
/* End PBXFrameworksBuildPhase section */

/* Begin PBXGroup section */
		B644DE9228A33067007010EC /* Protocol */ = {
			isa = PBXGroup;
			children = (
				B644DE9328A3307E007010EC /* ReusableViewProtocol.swift */,
			);
			path = Protocol;
			sourceTree = "<group>";
		};
		B69270FA28A08FE300ACA4D3 = {
			isa = PBXGroup;
			children = (
				B692710528A08FE300ACA4D3 /* SeSACWeek6 */,
				B692710428A08FE300ACA4D3 /* Products */,
			);
			sourceTree = "<group>";
		};
		B692710428A08FE300ACA4D3 /* Products */ = {
			isa = PBXGroup;
			children = (
				B692710328A08FE300ACA4D3 /* SeSACWeek6.app */,
			);
			name = Products;
			sourceTree = "<group>";
		};
		B692710528A08FE300ACA4D3 /* SeSACWeek6 */ = {
			isa = PBXGroup;
			children = (
				B692712328A0913300ACA4D3 /* APIKey.swift */,
				B692710628A08FE300ACA4D3 /* AppDelegate.swift */,
				B692710828A08FE300ACA4D3 /* SceneDelegate.swift */,
				B692710A28A08FE300ACA4D3 /* ViewController.swift */,
				B692712C28A0ABEC00ACA4D3 /* ClosureViewController.swift */,
				B6C2888C28A4939D00CCCEF9 /* MapViewController.swift */,
				B692713928A1F64D00ACA4D3 /* MainViewController.swift */,
				B644DE9228A33067007010EC /* Protocol */,
				B692712528A0948100ACA4D3 /* Network */,
				B692712E28A1DFE400ACA4D3 /* View */,
				B692710C28A08FE300ACA4D3 /* Main.storyboard */,
				B648B7E528A5DD1300786281 /* CameraViewController.swift */,
				B692710F28A08FE400ACA4D3 /* Assets.xcassets */,
				B692711128A08FE400ACA4D3 /* LaunchScreen.storyboard */,
				B692711428A08FE400ACA4D3 /* Info.plist */,
			);
			path = SeSACWeek6;
			sourceTree = "<group>";
		};
		B692712528A0948100ACA4D3 /* Network */ = {
			isa = PBXGroup;
			children = (
				B692712828A0951400ACA4D3 /* URL + Extension.swift */,
				B692712628A094A200ACA4D3 /* Endpoint.swift */,
				B692712A28A0A78400ACA4D3 /* KakaoAPIManager.swift */,
				B644DE9528A343E3007010EC /* TMDBAPIManager.swift */,
				B648B7E728A6C41E00786281 /* ClovaAPIManager.swift */,
			);
			path = Network;
			sourceTree = "<group>";
		};
		B692712E28A1DFE400ACA4D3 /* View */ = {
			isa = PBXGroup;
			children = (
				B692712F28A1E05700ACA4D3 /* SeSACButton.swift */,
				B692713128A1E5FC00ACA4D3 /* CardView.xib */,
				B692713328A1E64900ACA4D3 /* CardView.swift */,
				B692713628A1F36C00ACA4D3 /* CardCollectionViewCell.xib */,
				B692713528A1F36C00ACA4D3 /* CardCollectionViewCell.swift */,
				B644DE8228A1FE4D007010EC /* MainTableViewCell.swift */,
			);
			path = View;
			sourceTree = "<group>";
		};
/* End PBXGroup section */

/* Begin PBXNativeTarget section */
		B692710228A08FE300ACA4D3 /* SeSACWeek6 */ = {
			isa = PBXNativeTarget;
			buildConfigurationList = B692711728A08FE400ACA4D3 /* Build configuration list for PBXNativeTarget "SeSACWeek6" */;
			buildPhases = (
				B69270FF28A08FE300ACA4D3 /* Sources */,
				B692710028A08FE300ACA4D3 /* Frameworks */,
				B692710128A08FE300ACA4D3 /* Resources */,
			);
			buildRules = (
			);
			dependencies = (
			);
			name = SeSACWeek6;
			packageProductDependencies = (
				B692711B28A0907100ACA4D3 /* Alamofire */,
				B692711E28A0908800ACA4D3 /* Kingfisher */,
				B692712128A0909100ACA4D3 /* SwiftyJSON */,
				B6C2889628A5D6D300CCCEF9 /* TLPhotoPicker */,
				B648B7E328A5D80E00786281 /* YPImagePicker */,
			);
			productName = SeSACWeek6;
			productReference = B692710328A08FE300ACA4D3 /* SeSACWeek6.app */;
			productType = "com.apple.product-type.application";
		};
/* End PBXNativeTarget section */

/* Begin PBXProject section */
		B69270FB28A08FE300ACA4D3 /* Project object */ = {
			isa = PBXProject;
			attributes = {
				BuildIndependentTargetsInParallel = 1;
				LastSwiftUpdateCheck = 1340;
				LastUpgradeCheck = 1340;
				TargetAttributes = {
					B692710228A08FE300ACA4D3 = {
						CreatedOnToolsVersion = 13.4.1;
					};
				};
			};
			buildConfigurationList = B69270FE28A08FE300ACA4D3 /* Build configuration list for PBXProject "SeSACWeek6" */;
			compatibilityVersion = "Xcode 13.0";
			developmentRegion = en;
			hasScannedForEncodings = 0;
			knownRegions = (
				en,
				Base,
			);
			mainGroup = B69270FA28A08FE300ACA4D3;
			packageReferences = (
				B692711A28A0907100ACA4D3 /* XCRemoteSwiftPackageReference "Alamofire" */,
				B692711D28A0908800ACA4D3 /* XCRemoteSwiftPackageReference "Kingfisher" */,
				B692712028A0909100ACA4D3 /* XCRemoteSwiftPackageReference "SwiftyJSON" */,
				B6C2889528A5D6D300CCCEF9 /* XCRemoteSwiftPackageReference "TLPhotoPicker" */,
				B648B7E228A5D80E00786281 /* XCRemoteSwiftPackageReference "YPImagePicker" */,
			);
			productRefGroup = B692710428A08FE300ACA4D3 /* Products */;
			projectDirPath = "";
			projectRoot = "";
			targets = (
				B692710228A08FE300ACA4D3 /* SeSACWeek6 */,
			);
		};
/* End PBXProject section */

/* Begin PBXResourcesBuildPhase section */
		B692710128A08FE300ACA4D3 /* Resources */ = {
			isa = PBXResourcesBuildPhase;
			buildActionMask = 2147483647;
			files = (
				B692711328A08FE400ACA4D3 /* LaunchScreen.storyboard in Resources */,
				B692713828A1F36C00ACA4D3 /* CardCollectionViewCell.xib in Resources */,
				B692711028A08FE400ACA4D3 /* Assets.xcassets in Resources */,
				B692713228A1E5FC00ACA4D3 /* CardView.xib in Resources */,
				B692710E28A08FE300ACA4D3 /* Main.storyboard in Resources */,
			);
			runOnlyForDeploymentPostprocessing = 0;
		};
/* End PBXResourcesBuildPhase section */

/* Begin PBXSourcesBuildPhase section */
		B69270FF28A08FE300ACA4D3 /* Sources */ = {
			isa = PBXSourcesBuildPhase;
			buildActionMask = 2147483647;
			files = (
				B692710B28A08FE300ACA4D3 /* ViewController.swift in Sources */,
				B692710728A08FE300ACA4D3 /* AppDelegate.swift in Sources */,
				B692712D28A0ABEC00ACA4D3 /* ClosureViewController.swift in Sources */,
				B648B7E628A5DD1300786281 /* CameraViewController.swift in Sources */,
				B692713A28A1F64D00ACA4D3 /* MainViewController.swift in Sources */,
				B692713728A1F36C00ACA4D3 /* CardCollectionViewCell.swift in Sources */,
				B692712428A0913300ACA4D3 /* APIKey.swift in Sources */,
				B692713428A1E64900ACA4D3 /* CardView.swift in Sources */,
				B692710928A08FE300ACA4D3 /* SceneDelegate.swift in Sources */,
				B692713028A1E05700ACA4D3 /* SeSACButton.swift in Sources */,
				B648B7E828A6C41E00786281 /* ClovaAPIManager.swift in Sources */,
				B644DE8328A1FE4D007010EC /* MainTableViewCell.swift in Sources */,
				B692712728A094A200ACA4D3 /* Endpoint.swift in Sources */,
				B644DE9428A3307E007010EC /* ReusableViewProtocol.swift in Sources */,
				B692712928A0951400ACA4D3 /* URL + Extension.swift in Sources */,
				B644DE9628A343E3007010EC /* TMDBAPIManager.swift in Sources */,
				B692712B28A0A78400ACA4D3 /* KakaoAPIManager.swift in Sources */,
				B6C2888D28A4939D00CCCEF9 /* MapViewController.swift in Sources */,
			);
			runOnlyForDeploymentPostprocessing = 0;
		};
/* End PBXSourcesBuildPhase section */

/* Begin PBXVariantGroup section */
		B692710C28A08FE300ACA4D3 /* Main.storyboard */ = {
			isa = PBXVariantGroup;
			children = (
				B692710D28A08FE300ACA4D3 /* Base */,
			);
			name = Main.storyboard;
			sourceTree = "<group>";
		};
		B692711128A08FE400ACA4D3 /* LaunchScreen.storyboard */ = {
			isa = PBXVariantGroup;
			children = (
				B692711228A08FE400ACA4D3 /* Base */,
			);
			name = LaunchScreen.storyboard;
			sourceTree = "<group>";
		};
/* End PBXVariantGroup section */

/* Begin XCBuildConfiguration section */
		B692711528A08FE400ACA4D3 /* Debug */ = {
			isa = XCBuildConfiguration;
			buildSettings = {
				ALWAYS_SEARCH_USER_PATHS = NO;
				CLANG_ANALYZER_NONNULL = YES;
				CLANG_ANALYZER_NUMBER_OBJECT_CONVERSION = YES_AGGRESSIVE;
				CLANG_CXX_LANGUAGE_STANDARD = "gnu++17";
				CLANG_ENABLE_MODULES = YES;
				CLANG_ENABLE_OBJC_ARC = YES;
				CLANG_ENABLE_OBJC_WEAK = YES;
				CLANG_WARN_BLOCK_CAPTURE_AUTORELEASING = YES;
				CLANG_WARN_BOOL_CONVERSION = YES;
				CLANG_WARN_COMMA = YES;
				CLANG_WARN_CONSTANT_CONVERSION = YES;
				CLANG_WARN_DEPRECATED_OBJC_IMPLEMENTATIONS = YES;
				CLANG_WARN_DIRECT_OBJC_ISA_USAGE = YES_ERROR;
				CLANG_WARN_DOCUMENTATION_COMMENTS = YES;
				CLANG_WARN_EMPTY_BODY = YES;
				CLANG_WARN_ENUM_CONVERSION = YES;
				CLANG_WARN_INFINITE_RECURSION = YES;
				CLANG_WARN_INT_CONVERSION = YES;
				CLANG_WARN_NON_LITERAL_NULL_CONVERSION = YES;
				CLANG_WARN_OBJC_IMPLICIT_RETAIN_SELF = YES;
				CLANG_WARN_OBJC_LITERAL_CONVERSION = YES;
				CLANG_WARN_OBJC_ROOT_CLASS = YES_ERROR;
				CLANG_WARN_QUOTED_INCLUDE_IN_FRAMEWORK_HEADER = YES;
				CLANG_WARN_RANGE_LOOP_ANALYSIS = YES;
				CLANG_WARN_STRICT_PROTOTYPES = YES;
				CLANG_WARN_SUSPICIOUS_MOVE = YES;
				CLANG_WARN_UNGUARDED_AVAILABILITY = YES_AGGRESSIVE;
				CLANG_WARN_UNREACHABLE_CODE = YES;
				CLANG_WARN__DUPLICATE_METHOD_MATCH = YES;
				COPY_PHASE_STRIP = NO;
				DEBUG_INFORMATION_FORMAT = dwarf;
				ENABLE_STRICT_OBJC_MSGSEND = YES;
				ENABLE_TESTABILITY = YES;
				GCC_C_LANGUAGE_STANDARD = gnu11;
				GCC_DYNAMIC_NO_PIC = NO;
				GCC_NO_COMMON_BLOCKS = YES;
				GCC_OPTIMIZATION_LEVEL = 0;
				GCC_PREPROCESSOR_DEFINITIONS = (
					"DEBUG=1",
					"$(inherited)",
				);
				GCC_WARN_64_TO_32_BIT_CONVERSION = YES;
				GCC_WARN_ABOUT_RETURN_TYPE = YES_ERROR;
				GCC_WARN_UNDECLARED_SELECTOR = YES;
				GCC_WARN_UNINITIALIZED_AUTOS = YES_AGGRESSIVE;
				GCC_WARN_UNUSED_FUNCTION = YES;
				GCC_WARN_UNUSED_VARIABLE = YES;
				IPHONEOS_DEPLOYMENT_TARGET = 15.5;
				MTL_ENABLE_DEBUG_INFO = INCLUDE_SOURCE;
				MTL_FAST_MATH = YES;
				ONLY_ACTIVE_ARCH = YES;
				SDKROOT = iphoneos;
				SWIFT_ACTIVE_COMPILATION_CONDITIONS = DEBUG;
				SWIFT_OPTIMIZATION_LEVEL = "-Onone";
			};
			name = Debug;
		};
		B692711628A08FE400ACA4D3 /* Release */ = {
			isa = XCBuildConfiguration;
			buildSettings = {
				ALWAYS_SEARCH_USER_PATHS = NO;
				CLANG_ANALYZER_NONNULL = YES;
				CLANG_ANALYZER_NUMBER_OBJECT_CONVERSION = YES_AGGRESSIVE;
				CLANG_CXX_LANGUAGE_STANDARD = "gnu++17";
				CLANG_ENABLE_MODULES = YES;
				CLANG_ENABLE_OBJC_ARC = YES;
				CLANG_ENABLE_OBJC_WEAK = YES;
				CLANG_WARN_BLOCK_CAPTURE_AUTORELEASING = YES;
				CLANG_WARN_BOOL_CONVERSION = YES;
				CLANG_WARN_COMMA = YES;
				CLANG_WARN_CONSTANT_CONVERSION = YES;
				CLANG_WARN_DEPRECATED_OBJC_IMPLEMENTATIONS = YES;
				CLANG_WARN_DIRECT_OBJC_ISA_USAGE = YES_ERROR;
				CLANG_WARN_DOCUMENTATION_COMMENTS = YES;
				CLANG_WARN_EMPTY_BODY = YES;
				CLANG_WARN_ENUM_CONVERSION = YES;
				CLANG_WARN_INFINITE_RECURSION = YES;
				CLANG_WARN_INT_CONVERSION = YES;
				CLANG_WARN_NON_LITERAL_NULL_CONVERSION = YES;
				CLANG_WARN_OBJC_IMPLICIT_RETAIN_SELF = YES;
				CLANG_WARN_OBJC_LITERAL_CONVERSION = YES;
				CLANG_WARN_OBJC_ROOT_CLASS = YES_ERROR;
				CLANG_WARN_QUOTED_INCLUDE_IN_FRAMEWORK_HEADER = YES;
				CLANG_WARN_RANGE_LOOP_ANALYSIS = YES;
				CLANG_WARN_STRICT_PROTOTYPES = YES;
				CLANG_WARN_SUSPICIOUS_MOVE = YES;
				CLANG_WARN_UNGUARDED_AVAILABILITY = YES_AGGRESSIVE;
				CLANG_WARN_UNREACHABLE_CODE = YES;
				CLANG_WARN__DUPLICATE_METHOD_MATCH = YES;
				COPY_PHASE_STRIP = NO;
				DEBUG_INFORMATION_FORMAT = "dwarf-with-dsym";
				ENABLE_NS_ASSERTIONS = NO;
				ENABLE_STRICT_OBJC_MSGSEND = YES;
				GCC_C_LANGUAGE_STANDARD = gnu11;
				GCC_NO_COMMON_BLOCKS = YES;
				GCC_WARN_64_TO_32_BIT_CONVERSION = YES;
				GCC_WARN_ABOUT_RETURN_TYPE = YES_ERROR;
				GCC_WARN_UNDECLARED_SELECTOR = YES;
				GCC_WARN_UNINITIALIZED_AUTOS = YES_AGGRESSIVE;
				GCC_WARN_UNUSED_FUNCTION = YES;
				GCC_WARN_UNUSED_VARIABLE = YES;
				IPHONEOS_DEPLOYMENT_TARGET = 15.5;
				MTL_ENABLE_DEBUG_INFO = NO;
				MTL_FAST_MATH = YES;
				SDKROOT = iphoneos;
				SWIFT_COMPILATION_MODE = wholemodule;
				SWIFT_OPTIMIZATION_LEVEL = "-O";
				VALIDATE_PRODUCT = YES;
			};
			name = Release;
		};
		B692711828A08FE400ACA4D3 /* Debug */ = {
			isa = XCBuildConfiguration;
			buildSettings = {
				ASSETCATALOG_COMPILER_APPICON_NAME = AppIcon;
				ASSETCATALOG_COMPILER_GLOBAL_ACCENT_COLOR_NAME = AccentColor;
				CODE_SIGN_STYLE = Automatic;
				CURRENT_PROJECT_VERSION = 1;
				DEVELOPMENT_TEAM = 2RFRSG9M26;
				GENERATE_INFOPLIST_FILE = YES;
				INFOPLIST_FILE = SeSACWeek6/Info.plist;
				INFOPLIST_KEY_UIApplicationSupportsIndirectInputEvents = YES;
				INFOPLIST_KEY_UILaunchStoryboardName = LaunchScreen;
				INFOPLIST_KEY_UIMainStoryboardFile = Main;
				INFOPLIST_KEY_UISupportedInterfaceOrientations_iPad = "UIInterfaceOrientationPortrait UIInterfaceOrientationPortraitUpsideDown UIInterfaceOrientationLandscapeLeft UIInterfaceOrientationLandscapeRight";
				INFOPLIST_KEY_UISupportedInterfaceOrientations_iPhone = "UIInterfaceOrientationPortrait UIInterfaceOrientationLandscapeLeft UIInterfaceOrientationLandscapeRight";
				LD_RUNPATH_SEARCH_PATHS = (
					"$(inherited)",
					"@executable_path/Frameworks",
				);
				MARKETING_VERSION = 1.0;
				PRODUCT_BUNDLE_IDENTIFIER = com.lia.SeSACWeek6;
				PRODUCT_NAME = "$(TARGET_NAME)";
				SWIFT_EMIT_LOC_STRINGS = YES;
				SWIFT_VERSION = 5.0;
				TARGETED_DEVICE_FAMILY = "1,2";
			};
			name = Debug;
		};
		B692711928A08FE400ACA4D3 /* Release */ = {
			isa = XCBuildConfiguration;
			buildSettings = {
				ASSETCATALOG_COMPILER_APPICON_NAME = AppIcon;
				ASSETCATALOG_COMPILER_GLOBAL_ACCENT_COLOR_NAME = AccentColor;
				CODE_SIGN_STYLE = Automatic;
				CURRENT_PROJECT_VERSION = 1;
				DEVELOPMENT_TEAM = 2RFRSG9M26;
				GENERATE_INFOPLIST_FILE = YES;
				INFOPLIST_FILE = SeSACWeek6/Info.plist;
				INFOPLIST_KEY_UIApplicationSupportsIndirectInputEvents = YES;
				INFOPLIST_KEY_UILaunchStoryboardName = LaunchScreen;
				INFOPLIST_KEY_UIMainStoryboardFile = Main;
				INFOPLIST_KEY_UISupportedInterfaceOrientations_iPad = "UIInterfaceOrientationPortrait UIInterfaceOrientationPortraitUpsideDown UIInterfaceOrientationLandscapeLeft UIInterfaceOrientationLandscapeRight";
				INFOPLIST_KEY_UISupportedInterfaceOrientations_iPhone = "UIInterfaceOrientationPortrait UIInterfaceOrientationLandscapeLeft UIInterfaceOrientationLandscapeRight";
				LD_RUNPATH_SEARCH_PATHS = (
					"$(inherited)",
					"@executable_path/Frameworks",
				);
				MARKETING_VERSION = 1.0;
				PRODUCT_BUNDLE_IDENTIFIER = com.lia.SeSACWeek6;
				PRODUCT_NAME = "$(TARGET_NAME)";
				SWIFT_EMIT_LOC_STRINGS = YES;
				SWIFT_VERSION = 5.0;
				TARGETED_DEVICE_FAMILY = "1,2";
			};
			name = Release;
		};
/* End XCBuildConfiguration section */

/* Begin XCConfigurationList section */
		B69270FE28A08FE300ACA4D3 /* Build configuration list for PBXProject "SeSACWeek6" */ = {
			isa = XCConfigurationList;
			buildConfigurations = (
				B692711528A08FE400ACA4D3 /* Debug */,
				B692711628A08FE400ACA4D3 /* Release */,
			);
			defaultConfigurationIsVisible = 0;
			defaultConfigurationName = Release;
		};
		B692711728A08FE400ACA4D3 /* Build configuration list for PBXNativeTarget "SeSACWeek6" */ = {
			isa = XCConfigurationList;
			buildConfigurations = (
				B692711828A08FE400ACA4D3 /* Debug */,
				B692711928A08FE400ACA4D3 /* Release */,
			);
			defaultConfigurationIsVisible = 0;
			defaultConfigurationName = Release;
		};
/* End XCConfigurationList section */

/* Begin XCRemoteSwiftPackageReference section */
		B648B7E228A5D80E00786281 /* XCRemoteSwiftPackageReference "YPImagePicker" */ = {
			isa = XCRemoteSwiftPackageReference;
			repositoryURL = "https://github.com/Yummypets/YPImagePicker.git";
			requirement = {
				kind = upToNextMajorVersion;
				minimumVersion = 5.0.0;
			};
		};
		B692711A28A0907100ACA4D3 /* XCRemoteSwiftPackageReference "Alamofire" */ = {
			isa = XCRemoteSwiftPackageReference;
			repositoryURL = "https://github.com/Alamofire/Alamofire.git";
			requirement = {
				kind = upToNextMajorVersion;
				minimumVersion = 5.0.0;
			};
		};
		B692711D28A0908800ACA4D3 /* XCRemoteSwiftPackageReference "Kingfisher" */ = {
			isa = XCRemoteSwiftPackageReference;
			repositoryURL = "https://github.com/onevcat/Kingfisher.git";
			requirement = {
				kind = upToNextMajorVersion;
				minimumVersion = 7.0.0;
			};
		};
		B692712028A0909100ACA4D3 /* XCRemoteSwiftPackageReference "SwiftyJSON" */ = {
			isa = XCRemoteSwiftPackageReference;
			repositoryURL = "https://github.com/SwiftyJSON/SwiftyJSON.git";
			requirement = {
				kind = upToNextMajorVersion;
				minimumVersion = 5.0.0;
			};
		};
		B6C2889528A5D6D300CCCEF9 /* XCRemoteSwiftPackageReference "TLPhotoPicker" */ = {
			isa = XCRemoteSwiftPackageReference;
			repositoryURL = "https://github.com/tilltue/TLPhotoPicker.git";
			requirement = {
				kind = upToNextMajorVersion;
				minimumVersion = 2.0.0;
			};
		};
/* End XCRemoteSwiftPackageReference section */

/* Begin XCSwiftPackageProductDependency section */
		B648B7E328A5D80E00786281 /* YPImagePicker */ = {
			isa = XCSwiftPackageProductDependency;
			package = B648B7E228A5D80E00786281 /* XCRemoteSwiftPackageReference "YPImagePicker" */;
			productName = YPImagePicker;
		};
		B692711B28A0907100ACA4D3 /* Alamofire */ = {
			isa = XCSwiftPackageProductDependency;
			package = B692711A28A0907100ACA4D3 /* XCRemoteSwiftPackageReference "Alamofire" */;
			productName = Alamofire;
		};
		B692711E28A0908800ACA4D3 /* Kingfisher */ = {
			isa = XCSwiftPackageProductDependency;
			package = B692711D28A0908800ACA4D3 /* XCRemoteSwiftPackageReference "Kingfisher" */;
			productName = Kingfisher;
		};
		B692712128A0909100ACA4D3 /* SwiftyJSON */ = {
			isa = XCSwiftPackageProductDependency;
			package = B692712028A0909100ACA4D3 /* XCRemoteSwiftPackageReference "SwiftyJSON" */;
			productName = SwiftyJSON;
		};
		B6C2889628A5D6D300CCCEF9 /* TLPhotoPicker */ = {
			isa = XCSwiftPackageProductDependency;
			package = B6C2889528A5D6D300CCCEF9 /* XCRemoteSwiftPackageReference "TLPhotoPicker" */;
			productName = TLPhotoPicker;
		};
/* End XCSwiftPackageProductDependency section */
	};
	rootObject = B69270FB28A08FE300ACA4D3 /* Project object */;
}
