// !$*UTF8*$!
{
	archiveVersion = 1;
	classes = {
	};
	objectVersion = 56;
	objects = {

/* Begin PBXBuildFile section */
		B678A42D2900CF8B000358BA /* CObservable.swift in Sources */ = {isa = PBXBuildFile; fileRef = B678A42C2900CF8B000358BA /* CObservable.swift */; };
		B678A42F2900D133000358BA /* NewsViewController.swift in Sources */ = {isa = PBXBuildFile; fileRef = B678A42E2900D133000358BA /* NewsViewController.swift */; };
		B678A4312900D242000358BA /* NewsViewModel.swift in Sources */ = {isa = PBXBuildFile; fileRef = B678A4302900D242000358BA /* NewsViewModel.swift */; };
		B678A4332900D778000358BA /* News.swift in Sources */ = {isa = PBXBuildFile; fileRef = B678A4322900D778000358BA /* News.swift */; };
		B678A4352900ED6C000358BA /* DiffableViewModel.swift in Sources */ = {isa = PBXBuildFile; fileRef = B678A4342900ED6C000358BA /* DiffableViewModel.swift */; };
		B678A4372900EDED000358BA /* APIService.swift in Sources */ = {isa = PBXBuildFile; fileRef = B678A4362900EDED000358BA /* APIService.swift */; };
		B678A4392900EE87000358BA /* APIKey.swift in Sources */ = {isa = PBXBuildFile; fileRef = B678A4382900EE87000358BA /* APIKey.swift */; };
		B678A43B2900EF7D000358BA /* SearchPhoto.swift in Sources */ = {isa = PBXBuildFile; fileRef = B678A43A2900EF7D000358BA /* SearchPhoto.swift */; };
		B678A43E2900F106000358BA /* Alamofire in Frameworks */ = {isa = PBXBuildFile; productRef = B678A43D2900F106000358BA /* Alamofire */; };
		B678A4412900F114000358BA /* Kingfisher in Frameworks */ = {isa = PBXBuildFile; productRef = B678A4402900F114000358BA /* Kingfisher */; };
		B678A44529016105000358BA /* DetailsViewController.swift in Sources */ = {isa = PBXBuildFile; fileRef = B678A44429016105000358BA /* DetailsViewController.swift */; };
		B678A44829016132000358BA /* DetailsViewModel.swift in Sources */ = {isa = PBXBuildFile; fileRef = B678A44729016132000358BA /* DetailsViewModel.swift */; };
		B678A44A2901616E000358BA /* PhotoDetails.swift in Sources */ = {isa = PBXBuildFile; fileRef = B678A4492901616E000358BA /* PhotoDetails.swift */; };
		B678A44D290169C0000358BA /* SnapKit in Frameworks */ = {isa = PBXBuildFile; productRef = B678A44C290169C0000358BA /* SnapKit */; };
		B678A45029062292000358BA /* RxCocoa in Frameworks */ = {isa = PBXBuildFile; productRef = B678A44F29062292000358BA /* RxCocoa */; };
		B678A45229062292000358BA /* RxSwift in Frameworks */ = {isa = PBXBuildFile; productRef = B678A45129062292000358BA /* RxSwift */; };
		B678A455290625BE000358BA /* RxCocoaExampleViewController.swift in Sources */ = {isa = PBXBuildFile; fileRef = B678A454290625BE000358BA /* RxCocoaExampleViewController.swift */; };
		B678A45729077A4E000358BA /* SubjectViewController.swift in Sources */ = {isa = PBXBuildFile; fileRef = B678A45629077A4E000358BA /* SubjectViewController.swift */; };
		B678A459290788A1000358BA /* SubjectViewModel.swift in Sources */ = {isa = PBXBuildFile; fileRef = B678A458290788A1000358BA /* SubjectViewModel.swift */; };
		B6C93E3528FE2DA400F2F96F /* AppDelegate.swift in Sources */ = {isa = PBXBuildFile; fileRef = B6C93E3428FE2DA400F2F96F /* AppDelegate.swift */; };
		B6C93E3728FE2DA400F2F96F /* SceneDelegate.swift in Sources */ = {isa = PBXBuildFile; fileRef = B6C93E3628FE2DA400F2F96F /* SceneDelegate.swift */; };
		B6C93E3928FE2DA400F2F96F /* SimpleTableViewController.swift in Sources */ = {isa = PBXBuildFile; fileRef = B6C93E3828FE2DA400F2F96F /* SimpleTableViewController.swift */; };
		B6C93E3C28FE2DA400F2F96F /* Main.storyboard in Resources */ = {isa = PBXBuildFile; fileRef = B6C93E3A28FE2DA400F2F96F /* Main.storyboard */; };
		B6C93E3E28FE2DA500F2F96F /* Assets.xcassets in Resources */ = {isa = PBXBuildFile; fileRef = B6C93E3D28FE2DA500F2F96F /* Assets.xcassets */; };
		B6C93E4128FE2DA500F2F96F /* LaunchScreen.storyboard in Resources */ = {isa = PBXBuildFile; fileRef = B6C93E3F28FE2DA500F2F96F /* LaunchScreen.storyboard */; };
		B6C93E4928FE390B00F2F96F /* SimpleCollectionViewController.swift in Sources */ = {isa = PBXBuildFile; fileRef = B6C93E4828FE390B00F2F96F /* SimpleCollectionViewController.swift */; };
		B6C93E5028FF906800F2F96F /* DiffableCollectionViewController.swift in Sources */ = {isa = PBXBuildFile; fileRef = B6C93E4F28FF906800F2F96F /* DiffableCollectionViewController.swift */; };
/* End PBXBuildFile section */

/* Begin PBXFileReference section */
		B678A42C2900CF8B000358BA /* CObservable.swift */ = {isa = PBXFileReference; lastKnownFileType = sourcecode.swift; path = CObservable.swift; sourceTree = "<group>"; };
		B678A42E2900D133000358BA /* NewsViewController.swift */ = {isa = PBXFileReference; lastKnownFileType = sourcecode.swift; path = NewsViewController.swift; sourceTree = "<group>"; };
		B678A4302900D242000358BA /* NewsViewModel.swift */ = {isa = PBXFileReference; lastKnownFileType = sourcecode.swift; path = NewsViewModel.swift; sourceTree = "<group>"; };
		B678A4322900D778000358BA /* News.swift */ = {isa = PBXFileReference; lastKnownFileType = sourcecode.swift; path = News.swift; sourceTree = "<group>"; };
		B678A4342900ED6C000358BA /* DiffableViewModel.swift */ = {isa = PBXFileReference; lastKnownFileType = sourcecode.swift; path = DiffableViewModel.swift; sourceTree = "<group>"; };
		B678A4362900EDED000358BA /* APIService.swift */ = {isa = PBXFileReference; lastKnownFileType = sourcecode.swift; path = APIService.swift; sourceTree = "<group>"; };
		B678A4382900EE87000358BA /* APIKey.swift */ = {isa = PBXFileReference; lastKnownFileType = sourcecode.swift; path = APIKey.swift; sourceTree = "<group>"; };
		B678A43A2900EF7D000358BA /* SearchPhoto.swift */ = {isa = PBXFileReference; lastKnownFileType = sourcecode.swift; path = SearchPhoto.swift; sourceTree = "<group>"; };
		B678A44429016105000358BA /* DetailsViewController.swift */ = {isa = PBXFileReference; lastKnownFileType = sourcecode.swift; path = DetailsViewController.swift; sourceTree = "<group>"; };
		B678A44729016132000358BA /* DetailsViewModel.swift */ = {isa = PBXFileReference; lastKnownFileType = sourcecode.swift; path = DetailsViewModel.swift; sourceTree = "<group>"; };
		B678A4492901616E000358BA /* PhotoDetails.swift */ = {isa = PBXFileReference; lastKnownFileType = sourcecode.swift; path = PhotoDetails.swift; sourceTree = "<group>"; };
		B678A454290625BE000358BA /* RxCocoaExampleViewController.swift */ = {isa = PBXFileReference; lastKnownFileType = sourcecode.swift; path = RxCocoaExampleViewController.swift; sourceTree = "<group>"; };
		B678A45629077A4E000358BA /* SubjectViewController.swift */ = {isa = PBXFileReference; lastKnownFileType = sourcecode.swift; path = SubjectViewController.swift; sourceTree = "<group>"; };
		B678A458290788A1000358BA /* SubjectViewModel.swift */ = {isa = PBXFileReference; lastKnownFileType = sourcecode.swift; path = SubjectViewModel.swift; sourceTree = "<group>"; };
		B6C93E3128FE2DA400F2F96F /* SeSACWeek1617.app */ = {isa = PBXFileReference; explicitFileType = wrapper.application; includeInIndex = 0; path = SeSACWeek1617.app; sourceTree = BUILT_PRODUCTS_DIR; };
		B6C93E3428FE2DA400F2F96F /* AppDelegate.swift */ = {isa = PBXFileReference; lastKnownFileType = sourcecode.swift; path = AppDelegate.swift; sourceTree = "<group>"; };
		B6C93E3628FE2DA400F2F96F /* SceneDelegate.swift */ = {isa = PBXFileReference; lastKnownFileType = sourcecode.swift; path = SceneDelegate.swift; sourceTree = "<group>"; };
		B6C93E3828FE2DA400F2F96F /* SimpleTableViewController.swift */ = {isa = PBXFileReference; lastKnownFileType = sourcecode.swift; path = SimpleTableViewController.swift; sourceTree = "<group>"; };
		B6C93E3B28FE2DA400F2F96F /* Base */ = {isa = PBXFileReference; lastKnownFileType = file.storyboard; name = Base; path = Base.lproj/Main.storyboard; sourceTree = "<group>"; };
		B6C93E3D28FE2DA500F2F96F /* Assets.xcassets */ = {isa = PBXFileReference; lastKnownFileType = folder.assetcatalog; path = Assets.xcassets; sourceTree = "<group>"; };
		B6C93E4028FE2DA500F2F96F /* Base */ = {isa = PBXFileReference; lastKnownFileType = file.storyboard; name = Base; path = Base.lproj/LaunchScreen.storyboard; sourceTree = "<group>"; };
		B6C93E4228FE2DA500F2F96F /* Info.plist */ = {isa = PBXFileReference; lastKnownFileType = text.plist.xml; path = Info.plist; sourceTree = "<group>"; };
		B6C93E4828FE390B00F2F96F /* SimpleCollectionViewController.swift */ = {isa = PBXFileReference; lastKnownFileType = sourcecode.swift; path = SimpleCollectionViewController.swift; sourceTree = "<group>"; };
		B6C93E4F28FF906800F2F96F /* DiffableCollectionViewController.swift */ = {isa = PBXFileReference; lastKnownFileType = sourcecode.swift; path = DiffableCollectionViewController.swift; sourceTree = "<group>"; };
/* End PBXFileReference section */

/* Begin PBXFrameworksBuildPhase section */
		B6C93E2E28FE2DA400F2F96F /* Frameworks */ = {
			isa = PBXFrameworksBuildPhase;
			buildActionMask = 2147483647;
			files = (
				B678A44D290169C0000358BA /* SnapKit in Frameworks */,
				B678A4412900F114000358BA /* Kingfisher in Frameworks */,
				B678A45229062292000358BA /* RxSwift in Frameworks */,
				B678A45029062292000358BA /* RxCocoa in Frameworks */,
				B678A43E2900F106000358BA /* Alamofire in Frameworks */,
			);
			runOnlyForDeploymentPostprocessing = 0;
		};
/* End PBXFrameworksBuildPhase section */

/* Begin PBXGroup section */
		B678A42B2900CF6E000358BA /* MVVMSample */ = {
			isa = PBXGroup;
			children = (
				B678A42C2900CF8B000358BA /* CObservable.swift */,
				B678A42E2900D133000358BA /* NewsViewController.swift */,
				B678A4302900D242000358BA /* NewsViewModel.swift */,
				B678A4322900D778000358BA /* News.swift */,
			);
			path = MVVMSample;
			sourceTree = "<group>";
		};
		B678A4422900F127000358BA /* MVVMUnsplash */ = {
			isa = PBXGroup;
			children = (
				B678A4362900EDED000358BA /* APIService.swift */,
				B678A4382900EE87000358BA /* APIKey.swift */,
				B678A443290160D5000358BA /* Diffable */,
				B678A4462901610D000358BA /* Detail */,
			);
			path = MVVMUnsplash;
			sourceTree = "<group>";
		};
		B678A443290160D5000358BA /* Diffable */ = {
			isa = PBXGroup;
			children = (
				B6C93E4F28FF906800F2F96F /* DiffableCollectionViewController.swift */,
				B678A4342900ED6C000358BA /* DiffableViewModel.swift */,
				B678A43A2900EF7D000358BA /* SearchPhoto.swift */,
			);
			path = Diffable;
			sourceTree = "<group>";
		};
		B678A4462901610D000358BA /* Detail */ = {
			isa = PBXGroup;
			children = (
				B678A44429016105000358BA /* DetailsViewController.swift */,
				B678A44729016132000358BA /* DetailsViewModel.swift */,
				B678A4492901616E000358BA /* PhotoDetails.swift */,
			);
			path = Detail;
			sourceTree = "<group>";
		};
		B678A4532906259C000358BA /* Rx */ = {
			isa = PBXGroup;
			children = (
				B678A454290625BE000358BA /* RxCocoaExampleViewController.swift */,
				B678A45629077A4E000358BA /* SubjectViewController.swift */,
				B678A458290788A1000358BA /* SubjectViewModel.swift */,
			);
			path = Rx;
			sourceTree = "<group>";
		};
		B6C93E2828FE2DA400F2F96F = {
			isa = PBXGroup;
			children = (
				B6C93E3328FE2DA400F2F96F /* SeSACWeek1617 */,
				B6C93E3228FE2DA400F2F96F /* Products */,
			);
			sourceTree = "<group>";
		};
		B6C93E3228FE2DA400F2F96F /* Products */ = {
			isa = PBXGroup;
			children = (
				B6C93E3128FE2DA400F2F96F /* SeSACWeek1617.app */,
			);
			name = Products;
			sourceTree = "<group>";
		};
		B6C93E3328FE2DA400F2F96F /* SeSACWeek1617 */ = {
			isa = PBXGroup;
			children = (
				B6C93E3428FE2DA400F2F96F /* AppDelegate.swift */,
				B6C93E3628FE2DA400F2F96F /* SceneDelegate.swift */,
				B6C93E4828FE390B00F2F96F /* SimpleCollectionViewController.swift */,
				B6C93E3828FE2DA400F2F96F /* SimpleTableViewController.swift */,
				B6C93E3A28FE2DA400F2F96F /* Main.storyboard */,
				B678A42B2900CF6E000358BA /* MVVMSample */,
				B678A4422900F127000358BA /* MVVMUnsplash */,
				B678A4532906259C000358BA /* Rx */,
				B6C93E3D28FE2DA500F2F96F /* Assets.xcassets */,
				B6C93E3F28FE2DA500F2F96F /* LaunchScreen.storyboard */,
				B6C93E4228FE2DA500F2F96F /* Info.plist */,
			);
			path = SeSACWeek1617;
			sourceTree = "<group>";
		};
/* End PBXGroup section */

/* Begin PBXNativeTarget section */
		B6C93E3028FE2DA400F2F96F /* SeSACWeek1617 */ = {
			isa = PBXNativeTarget;
			buildConfigurationList = B6C93E4528FE2DA500F2F96F /* Build configuration list for PBXNativeTarget "SeSACWeek1617" */;
			buildPhases = (
				B6C93E2D28FE2DA400F2F96F /* Sources */,
				B6C93E2E28FE2DA400F2F96F /* Frameworks */,
				B6C93E2F28FE2DA400F2F96F /* Resources */,
			);
			buildRules = (
			);
			dependencies = (
			);
			name = SeSACWeek1617;
			packageProductDependencies = (
				B678A43D2900F106000358BA /* Alamofire */,
				B678A4402900F114000358BA /* Kingfisher */,
				B678A44C290169C0000358BA /* SnapKit */,
				B678A44F29062292000358BA /* RxCocoa */,
				B678A45129062292000358BA /* RxSwift */,
			);
			productName = SeSACWeek1617;
			productReference = B6C93E3128FE2DA400F2F96F /* SeSACWeek1617.app */;
			productType = "com.apple.product-type.application";
		};
/* End PBXNativeTarget section */

/* Begin PBXProject section */
		B6C93E2928FE2DA400F2F96F /* Project object */ = {
			isa = PBXProject;
			attributes = {
				BuildIndependentTargetsInParallel = 1;
				LastSwiftUpdateCheck = 1400;
				LastUpgradeCheck = 1400;
				TargetAttributes = {
					B6C93E3028FE2DA400F2F96F = {
						CreatedOnToolsVersion = 14.0.1;
					};
				};
			};
			buildConfigurationList = B6C93E2C28FE2DA400F2F96F /* Build configuration list for PBXProject "SeSACWeek1617" */;
			compatibilityVersion = "Xcode 14.0";
			developmentRegion = en;
			hasScannedForEncodings = 0;
			knownRegions = (
				en,
				Base,
			);
			mainGroup = B6C93E2828FE2DA400F2F96F;
			packageReferences = (
				B678A43C2900F106000358BA /* XCRemoteSwiftPackageReference "Alamofire" */,
				B678A43F2900F114000358BA /* XCRemoteSwiftPackageReference "Kingfisher" */,
				B678A44B290169C0000358BA /* XCRemoteSwiftPackageReference "SnapKit" */,
				B678A44E29062292000358BA /* XCRemoteSwiftPackageReference "RxSwift" */,
			);
			productRefGroup = B6C93E3228FE2DA400F2F96F /* Products */;
			projectDirPath = "";
			projectRoot = "";
			targets = (
				B6C93E3028FE2DA400F2F96F /* SeSACWeek1617 */,
			);
		};
/* End PBXProject section */

/* Begin PBXResourcesBuildPhase section */
		B6C93E2F28FE2DA400F2F96F /* Resources */ = {
			isa = PBXResourcesBuildPhase;
			buildActionMask = 2147483647;
			files = (
				B6C93E4128FE2DA500F2F96F /* LaunchScreen.storyboard in Resources */,
				B6C93E3E28FE2DA500F2F96F /* Assets.xcassets in Resources */,
				B6C93E3C28FE2DA400F2F96F /* Main.storyboard in Resources */,
			);
			runOnlyForDeploymentPostprocessing = 0;
		};
/* End PBXResourcesBuildPhase section */

/* Begin PBXSourcesBuildPhase section */
		B6C93E2D28FE2DA400F2F96F /* Sources */ = {
			isa = PBXSourcesBuildPhase;
			buildActionMask = 2147483647;
			files = (
				B678A42D2900CF8B000358BA /* CObservable.swift in Sources */,
				B678A45729077A4E000358BA /* SubjectViewController.swift in Sources */,
				B6C93E5028FF906800F2F96F /* DiffableCollectionViewController.swift in Sources */,
				B6C93E4928FE390B00F2F96F /* SimpleCollectionViewController.swift in Sources */,
				B678A4332900D778000358BA /* News.swift in Sources */,
				B678A4372900EDED000358BA /* APIService.swift in Sources */,
				B6C93E3928FE2DA400F2F96F /* SimpleTableViewController.swift in Sources */,
				B678A42F2900D133000358BA /* NewsViewController.swift in Sources */,
				B6C93E3528FE2DA400F2F96F /* AppDelegate.swift in Sources */,
				B678A43B2900EF7D000358BA /* SearchPhoto.swift in Sources */,
				B6C93E3728FE2DA400F2F96F /* SceneDelegate.swift in Sources */,
				B678A4312900D242000358BA /* NewsViewModel.swift in Sources */,
				B678A4392900EE87000358BA /* APIKey.swift in Sources */,
				B678A4352900ED6C000358BA /* DiffableViewModel.swift in Sources */,
				B678A44A2901616E000358BA /* PhotoDetails.swift in Sources */,
				B678A44829016132000358BA /* DetailsViewModel.swift in Sources */,
				B678A44529016105000358BA /* DetailsViewController.swift in Sources */,
				B678A455290625BE000358BA /* RxCocoaExampleViewController.swift in Sources */,
				B678A459290788A1000358BA /* SubjectViewModel.swift in Sources */,
			);
			runOnlyForDeploymentPostprocessing = 0;
		};
/* End PBXSourcesBuildPhase section */

/* Begin PBXVariantGroup section */
		B6C93E3A28FE2DA400F2F96F /* Main.storyboard */ = {
			isa = PBXVariantGroup;
			children = (
				B6C93E3B28FE2DA400F2F96F /* Base */,
			);
			name = Main.storyboard;
			sourceTree = "<group>";
		};
		B6C93E3F28FE2DA500F2F96F /* LaunchScreen.storyboard */ = {
			isa = PBXVariantGroup;
			children = (
				B6C93E4028FE2DA500F2F96F /* Base */,
			);
			name = LaunchScreen.storyboard;
			sourceTree = "<group>";
		};
/* End PBXVariantGroup section */

/* Begin XCBuildConfiguration section */
		B6C93E4328FE2DA500F2F96F /* Debug */ = {
			isa = XCBuildConfiguration;
			buildSettings = {
				ALWAYS_SEARCH_USER_PATHS = NO;
				CLANG_ANALYZER_NONNULL = YES;
				CLANG_ANALYZER_NUMBER_OBJECT_CONVERSION = YES_AGGRESSIVE;
				CLANG_CXX_LANGUAGE_STANDARD = "gnu++20";
				CLANG_ENABLE_MODULES = YES;
				CLANG_ENABLE_OBJC_ARC = YES;
				CLANG_ENABLE_OBJC_WEAK = YES;
				CLANG_WARN_BLOCK_CAPTURE_AUTORELEASING = YES;
				CLANG_WARN_BOOL_CONVERSION = YES;
				CLANG_WARN_COMMA = YES;
				CLANG_WARN_CONSTANT_CONVERSION = YES;
				CLANG_WARN_DEPRECATED_OBJC_IMPLEMENTATIONS = YES;
				CLANG_WARN_DIRECT_OBJC_ISA_USAGE = YES_ERROR;
				CLANG_WARN_DOCUMENTATION_COMMENTS = YES;
				CLANG_WARN_EMPTY_BODY = YES;
				CLANG_WARN_ENUM_CONVERSION = YES;
				CLANG_WARN_INFINITE_RECURSION = YES;
				CLANG_WARN_INT_CONVERSION = YES;
				CLANG_WARN_NON_LITERAL_NULL_CONVERSION = YES;
				CLANG_WARN_OBJC_IMPLICIT_RETAIN_SELF = YES;
				CLANG_WARN_OBJC_LITERAL_CONVERSION = YES;
				CLANG_WARN_OBJC_ROOT_CLASS = YES_ERROR;
				CLANG_WARN_QUOTED_INCLUDE_IN_FRAMEWORK_HEADER = YES;
				CLANG_WARN_RANGE_LOOP_ANALYSIS = YES;
				CLANG_WARN_STRICT_PROTOTYPES = YES;
				CLANG_WARN_SUSPICIOUS_MOVE = YES;
				CLANG_WARN_UNGUARDED_AVAILABILITY = YES_AGGRESSIVE;
				CLANG_WARN_UNREACHABLE_CODE = YES;
				CLANG_WARN__DUPLICATE_METHOD_MATCH = YES;
				COPY_PHASE_STRIP = NO;
				DEBUG_INFORMATION_FORMAT = dwarf;
				ENABLE_STRICT_OBJC_MSGSEND = YES;
				ENABLE_TESTABILITY = YES;
				GCC_C_LANGUAGE_STANDARD = gnu11;
				GCC_DYNAMIC_NO_PIC = NO;
				GCC_NO_COMMON_BLOCKS = YES;
				GCC_OPTIMIZATION_LEVEL = 0;
				GCC_PREPROCESSOR_DEFINITIONS = (
					"DEBUG=1",
					"$(inherited)",
				);
				GCC_WARN_64_TO_32_BIT_CONVERSION = YES;
				GCC_WARN_ABOUT_RETURN_TYPE = YES_ERROR;
				GCC_WARN_UNDECLARED_SELECTOR = YES;
				GCC_WARN_UNINITIALIZED_AUTOS = YES_AGGRESSIVE;
				GCC_WARN_UNUSED_FUNCTION = YES;
				GCC_WARN_UNUSED_VARIABLE = YES;
				IPHONEOS_DEPLOYMENT_TARGET = 16.0;
				MTL_ENABLE_DEBUG_INFO = INCLUDE_SOURCE;
				MTL_FAST_MATH = YES;
				ONLY_ACTIVE_ARCH = YES;
				SDKROOT = iphoneos;
				SWIFT_ACTIVE_COMPILATION_CONDITIONS = DEBUG;
				SWIFT_OPTIMIZATION_LEVEL = "-Onone";
			};
			name = Debug;
		};
		B6C93E4428FE2DA500F2F96F /* Release */ = {
			isa = XCBuildConfiguration;
			buildSettings = {
				ALWAYS_SEARCH_USER_PATHS = NO;
				CLANG_ANALYZER_NONNULL = YES;
				CLANG_ANALYZER_NUMBER_OBJECT_CONVERSION = YES_AGGRESSIVE;
				CLANG_CXX_LANGUAGE_STANDARD = "gnu++20";
				CLANG_ENABLE_MODULES = YES;
				CLANG_ENABLE_OBJC_ARC = YES;
				CLANG_ENABLE_OBJC_WEAK = YES;
				CLANG_WARN_BLOCK_CAPTURE_AUTORELEASING = YES;
				CLANG_WARN_BOOL_CONVERSION = YES;
				CLANG_WARN_COMMA = YES;
				CLANG_WARN_CONSTANT_CONVERSION = YES;
				CLANG_WARN_DEPRECATED_OBJC_IMPLEMENTATIONS = YES;
				CLANG_WARN_DIRECT_OBJC_ISA_USAGE = YES_ERROR;
				CLANG_WARN_DOCUMENTATION_COMMENTS = YES;
				CLANG_WARN_EMPTY_BODY = YES;
				CLANG_WARN_ENUM_CONVERSION = YES;
				CLANG_WARN_INFINITE_RECURSION = YES;
				CLANG_WARN_INT_CONVERSION = YES;
				CLANG_WARN_NON_LITERAL_NULL_CONVERSION = YES;
				CLANG_WARN_OBJC_IMPLICIT_RETAIN_SELF = YES;
				CLANG_WARN_OBJC_LITERAL_CONVERSION = YES;
				CLANG_WARN_OBJC_ROOT_CLASS = YES_ERROR;
				CLANG_WARN_QUOTED_INCLUDE_IN_FRAMEWORK_HEADER = YES;
				CLANG_WARN_RANGE_LOOP_ANALYSIS = YES;
				CLANG_WARN_STRICT_PROTOTYPES = YES;
				CLANG_WARN_SUSPICIOUS_MOVE = YES;
				CLANG_WARN_UNGUARDED_AVAILABILITY = YES_AGGRESSIVE;
				CLANG_WARN_UNREACHABLE_CODE = YES;
				CLANG_WARN__DUPLICATE_METHOD_MATCH = YES;
				COPY_PHASE_STRIP = NO;
				DEBUG_INFORMATION_FORMAT = "dwarf-with-dsym";
				ENABLE_NS_ASSERTIONS = NO;
				ENABLE_STRICT_OBJC_MSGSEND = YES;
				GCC_C_LANGUAGE_STANDARD = gnu11;
				GCC_NO_COMMON_BLOCKS = YES;
				GCC_WARN_64_TO_32_BIT_CONVERSION = YES;
				GCC_WARN_ABOUT_RETURN_TYPE = YES_ERROR;
				GCC_WARN_UNDECLARED_SELECTOR = YES;
				GCC_WARN_UNINITIALIZED_AUTOS = YES_AGGRESSIVE;
				GCC_WARN_UNUSED_FUNCTION = YES;
				GCC_WARN_UNUSED_VARIABLE = YES;
				IPHONEOS_DEPLOYMENT_TARGET = 16.0;
				MTL_ENABLE_DEBUG_INFO = NO;
				MTL_FAST_MATH = YES;
				SDKROOT = iphoneos;
				SWIFT_COMPILATION_MODE = wholemodule;
				SWIFT_OPTIMIZATION_LEVEL = "-O";
				VALIDATE_PRODUCT = YES;
			};
			name = Release;
		};
		B6C93E4628FE2DA500F2F96F /* Debug */ = {
			isa = XCBuildConfiguration;
			buildSettings = {
				ASSETCATALOG_COMPILER_APPICON_NAME = AppIcon;
				ASSETCATALOG_COMPILER_GLOBAL_ACCENT_COLOR_NAME = AccentColor;
				CODE_SIGN_STYLE = Automatic;
				CURRENT_PROJECT_VERSION = 1;
				DEVELOPMENT_TEAM = 2RFRSG9M26;
				GENERATE_INFOPLIST_FILE = YES;
				INFOPLIST_FILE = SeSACWeek1617/Info.plist;
				INFOPLIST_KEY_UIApplicationSupportsIndirectInputEvents = YES;
				INFOPLIST_KEY_UILaunchStoryboardName = LaunchScreen;
				INFOPLIST_KEY_UIMainStoryboardFile = Main;
				INFOPLIST_KEY_UISupportedInterfaceOrientations_iPad = "UIInterfaceOrientationPortrait UIInterfaceOrientationPortraitUpsideDown UIInterfaceOrientationLandscapeLeft UIInterfaceOrientationLandscapeRight";
				INFOPLIST_KEY_UISupportedInterfaceOrientations_iPhone = "UIInterfaceOrientationPortrait UIInterfaceOrientationLandscapeLeft UIInterfaceOrientationLandscapeRight";
				LD_RUNPATH_SEARCH_PATHS = (
					"$(inherited)",
					"@executable_path/Frameworks",
				);
				MARKETING_VERSION = 1.0;
				PRODUCT_BUNDLE_IDENTIFIER = com.lia.SeSACWeek1617;
				PRODUCT_NAME = "$(TARGET_NAME)";
				SWIFT_EMIT_LOC_STRINGS = YES;
				SWIFT_VERSION = 5.0;
				TARGETED_DEVICE_FAMILY = "1,2";
			};
			name = Debug;
		};
		B6C93E4728FE2DA500F2F96F /* Release */ = {
			isa = XCBuildConfiguration;
			buildSettings = {
				ASSETCATALOG_COMPILER_APPICON_NAME = AppIcon;
				ASSETCATALOG_COMPILER_GLOBAL_ACCENT_COLOR_NAME = AccentColor;
				CODE_SIGN_STYLE = Automatic;
				CURRENT_PROJECT_VERSION = 1;
				DEVELOPMENT_TEAM = 2RFRSG9M26;
				GENERATE_INFOPLIST_FILE = YES;
				INFOPLIST_FILE = SeSACWeek1617/Info.plist;
				INFOPLIST_KEY_UIApplicationSupportsIndirectInputEvents = YES;
				INFOPLIST_KEY_UILaunchStoryboardName = LaunchScreen;
				INFOPLIST_KEY_UIMainStoryboardFile = Main;
				INFOPLIST_KEY_UISupportedInterfaceOrientations_iPad = "UIInterfaceOrientationPortrait UIInterfaceOrientationPortraitUpsideDown UIInterfaceOrientationLandscapeLeft UIInterfaceOrientationLandscapeRight";
				INFOPLIST_KEY_UISupportedInterfaceOrientations_iPhone = "UIInterfaceOrientationPortrait UIInterfaceOrientationLandscapeLeft UIInterfaceOrientationLandscapeRight";
				LD_RUNPATH_SEARCH_PATHS = (
					"$(inherited)",
					"@executable_path/Frameworks",
				);
				MARKETING_VERSION = 1.0;
				PRODUCT_BUNDLE_IDENTIFIER = com.lia.SeSACWeek1617;
				PRODUCT_NAME = "$(TARGET_NAME)";
				SWIFT_EMIT_LOC_STRINGS = YES;
				SWIFT_VERSION = 5.0;
				TARGETED_DEVICE_FAMILY = "1,2";
			};
			name = Release;
		};
/* End XCBuildConfiguration section */

/* Begin XCConfigurationList section */
		B6C93E2C28FE2DA400F2F96F /* Build configuration list for PBXProject "SeSACWeek1617" */ = {
			isa = XCConfigurationList;
			buildConfigurations = (
				B6C93E4328FE2DA500F2F96F /* Debug */,
				B6C93E4428FE2DA500F2F96F /* Release */,
			);
			defaultConfigurationIsVisible = 0;
			defaultConfigurationName = Release;
		};
		B6C93E4528FE2DA500F2F96F /* Build configuration list for PBXNativeTarget "SeSACWeek1617" */ = {
			isa = XCConfigurationList;
			buildConfigurations = (
				B6C93E4628FE2DA500F2F96F /* Debug */,
				B6C93E4728FE2DA500F2F96F /* Release */,
			);
			defaultConfigurationIsVisible = 0;
			defaultConfigurationName = Release;
		};
/* End XCConfigurationList section */

/* Begin XCRemoteSwiftPackageReference section */
		B678A43C2900F106000358BA /* XCRemoteSwiftPackageReference "Alamofire" */ = {
			isa = XCRemoteSwiftPackageReference;
			repositoryURL = "https://github.com/Alamofire/Alamofire.git";
			requirement = {
				kind = upToNextMajorVersion;
				minimumVersion = 5.0.0;
			};
		};
		B678A43F2900F114000358BA /* XCRemoteSwiftPackageReference "Kingfisher" */ = {
			isa = XCRemoteSwiftPackageReference;
			repositoryURL = "https://github.com/onevcat/Kingfisher.git";
			requirement = {
				kind = upToNextMajorVersion;
				minimumVersion = 7.0.0;
			};
		};
		B678A44B290169C0000358BA /* XCRemoteSwiftPackageReference "SnapKit" */ = {
			isa = XCRemoteSwiftPackageReference;
			repositoryURL = "https://github.com/SnapKit/SnapKit.git";
			requirement = {
				kind = upToNextMajorVersion;
				minimumVersion = 5.0.0;
			};
		};
		B678A44E29062292000358BA /* XCRemoteSwiftPackageReference "RxSwift" */ = {
			isa = XCRemoteSwiftPackageReference;
			repositoryURL = "https://github.com/ReactiveX/RxSwift.git";
			requirement = {
				kind = upToNextMajorVersion;
				minimumVersion = 6.0.0;
			};
		};
/* End XCRemoteSwiftPackageReference section */

/* Begin XCSwiftPackageProductDependency section */
		B678A43D2900F106000358BA /* Alamofire */ = {
			isa = XCSwiftPackageProductDependency;
			package = B678A43C2900F106000358BA /* XCRemoteSwiftPackageReference "Alamofire" */;
			productName = Alamofire;
		};
		B678A4402900F114000358BA /* Kingfisher */ = {
			isa = XCSwiftPackageProductDependency;
			package = B678A43F2900F114000358BA /* XCRemoteSwiftPackageReference "Kingfisher" */;
			productName = Kingfisher;
		};
		B678A44C290169C0000358BA /* SnapKit */ = {
			isa = XCSwiftPackageProductDependency;
			package = B678A44B290169C0000358BA /* XCRemoteSwiftPackageReference "SnapKit" */;
			productName = SnapKit;
		};
		B678A44F29062292000358BA /* RxCocoa */ = {
			isa = XCSwiftPackageProductDependency;
			package = B678A44E29062292000358BA /* XCRemoteSwiftPackageReference "RxSwift" */;
			productName = RxCocoa;
		};
		B678A45129062292000358BA /* RxSwift */ = {
			isa = XCSwiftPackageProductDependency;
			package = B678A44E29062292000358BA /* XCRemoteSwiftPackageReference "RxSwift" */;
			productName = RxSwift;
		};
/* End XCSwiftPackageProductDependency section */
	};
	rootObject = B6C93E2928FE2DA400F2F96F /* Project object */;
}
